// !$*UTF8*$!
{
	archiveVersion = 1;
	classes = {
	};
	objectVersion = 56;
	objects = {

/* Begin PBXBuildFile section */
		8E7FB7262B9C872E00F05045 /* LineApp.swift in Sources */ = {isa = PBXBuildFile; fileRef = 8E7FB7252B9C872E00F05045 /* LineApp.swift */; };
		8E7FB7282B9C872E00F05045 /* ContentView.swift in Sources */ = {isa = PBXBuildFile; fileRef = 8E7FB7272B9C872E00F05045 /* ContentView.swift */; };
		8E7FB72A2B9C873100F05045 /* Assets.xcassets in Resources */ = {isa = PBXBuildFile; fileRef = 8E7FB7292B9C873100F05045 /* Assets.xcassets */; };
		8E7FB72D2B9C873100F05045 /* Preview Assets.xcassets in Resources */ = {isa = PBXBuildFile; fileRef = 8E7FB72C2B9C873100F05045 /* Preview Assets.xcassets */; };
		8E7FB7372B9C873100F05045 /* LineTests.swift in Sources */ = {isa = PBXBuildFile; fileRef = 8E7FB7362B9C873100F05045 /* LineTests.swift */; };
		8E7FB7412B9C873200F05045 /* LineUITests.swift in Sources */ = {isa = PBXBuildFile; fileRef = 8E7FB7402B9C873200F05045 /* LineUITests.swift */; };
		8E7FB7432B9C873200F05045 /* LineUITestsLaunchTests.swift in Sources */ = {isa = PBXBuildFile; fileRef = 8E7FB7422B9C873200F05045 /* LineUITestsLaunchTests.swift */; };
		8E7FB7542B9C8AAA00F05045 /* FirebaseAuth in Frameworks */ = {isa = PBXBuildFile; productRef = 8E7FB7532B9C8AAA00F05045 /* FirebaseAuth */; };
		8E7FB7562B9C8B0600F05045 /* AppDelegate.swift in Sources */ = {isa = PBXBuildFile; fileRef = 8E7FB7552B9C8B0600F05045 /* AppDelegate.swift */; };
		8E7FB7572B9C8B0600F05045 /* AppDelegate.swift in Sources */ = {isa = PBXBuildFile; fileRef = 8E7FB7552B9C8B0600F05045 /* AppDelegate.swift */; };
		8E7FB7592B9C8C2B00F05045 /* GoogleService-Info.plist in Resources */ = {isa = PBXBuildFile; fileRef = 8E7FB7582B9C8C2B00F05045 /* GoogleService-Info.plist */; };
		8E7FB75A2B9C8C2B00F05045 /* GoogleService-Info.plist in Resources */ = {isa = PBXBuildFile; fileRef = 8E7FB7582B9C8C2B00F05045 /* GoogleService-Info.plist */; };
		8E7FB75E2B9C8D1100F05045 /* GoogleSignIn in Frameworks */ = {isa = PBXBuildFile; productRef = 8E7FB75D2B9C8D1100F05045 /* GoogleSignIn */; };
		8E7FB7612B9C8DFF00F05045 /* FirebaseDatabase in Frameworks */ = {isa = PBXBuildFile; productRef = 8E7FB7602B9C8DFF00F05045 /* FirebaseDatabase */; };
		8E7FB7632B9C909E00F05045 /* FirebaseStorage in Frameworks */ = {isa = PBXBuildFile; productRef = 8E7FB7622B9C909E00F05045 /* FirebaseStorage */; };
		8E7FB7652B9C909E00F05045 /* FirebaseStorageCombine-Community in Frameworks */ = {isa = PBXBuildFile; productRef = 8E7FB7642B9C909E00F05045 /* FirebaseStorageCombine-Community */; };
		8E7FB7682B9C925600F05045 /* FirebaseMessaging in Frameworks */ = {isa = PBXBuildFile; productRef = 8E7FB7672B9C925600F05045 /* FirebaseMessaging */; };
		8E7FB76B2B9C96CE00F05045 /* Search.xcdatamodeld in Sources */ = {isa = PBXBuildFile; fileRef = 8E7FB7692B9C96CE00F05045 /* Search.xcdatamodeld */; };
		8E7FB76C2B9C96CE00F05045 /* Search.xcdatamodeld in Sources */ = {isa = PBXBuildFile; fileRef = 8E7FB7692B9C96CE00F05045 /* Search.xcdatamodeld */; };
		8E7FB76E2B9C98D600F05045 /* UploadProvider.swift in Sources */ = {isa = PBXBuildFile; fileRef = 8E7FB76D2B9C98D600F05045 /* UploadProvider.swift */; };
		8E7FB76F2B9C98D600F05045 /* UploadProvider.swift in Sources */ = {isa = PBXBuildFile; fileRef = 8E7FB76D2B9C98D600F05045 /* UploadProvider.swift */; };
		8E7FB7712B9C98F600F05045 /* UserObject.swift in Sources */ = {isa = PBXBuildFile; fileRef = 8E7FB7702B9C98F600F05045 /* UserObject.swift */; };
		8E7FB7722B9C98F600F05045 /* UserObject.swift in Sources */ = {isa = PBXBuildFile; fileRef = 8E7FB7702B9C98F600F05045 /* UserObject.swift */; };
		8E7FB7742B9C991900F05045 /* ChatRoomObject.swift in Sources */ = {isa = PBXBuildFile; fileRef = 8E7FB7732B9C991900F05045 /* ChatRoomObject.swift */; };
		8E7FB7752B9C991900F05045 /* ChatRoomObject.swift in Sources */ = {isa = PBXBuildFile; fileRef = 8E7FB7732B9C991900F05045 /* ChatRoomObject.swift */; };
		8E7FB7772B9C992A00F05045 /* ChatObject.swift in Sources */ = {isa = PBXBuildFile; fileRef = 8E7FB7762B9C992A00F05045 /* ChatObject.swift */; };
		8E7FB7782B9C992A00F05045 /* ChatObject.swift in Sources */ = {isa = PBXBuildFile; fileRef = 8E7FB7762B9C992A00F05045 /* ChatObject.swift */; };
		8E7FB77A2B9C993700F05045 /* UserDBRepository.swift in Sources */ = {isa = PBXBuildFile; fileRef = 8E7FB7792B9C993700F05045 /* UserDBRepository.swift */; };
		8E7FB77B2B9C993700F05045 /* UserDBRepository.swift in Sources */ = {isa = PBXBuildFile; fileRef = 8E7FB7792B9C993700F05045 /* UserDBRepository.swift */; };
		8E7FB77D2B9C994800F05045 /* DBError.swift in Sources */ = {isa = PBXBuildFile; fileRef = 8E7FB77C2B9C994800F05045 /* DBError.swift */; };
		8E7FB77E2B9C994800F05045 /* DBError.swift in Sources */ = {isa = PBXBuildFile; fileRef = 8E7FB77C2B9C994800F05045 /* DBError.swift */; };
		8E7FB7802B9C995200F05045 /* ChatRoomDBRepository.swift in Sources */ = {isa = PBXBuildFile; fileRef = 8E7FB77F2B9C995200F05045 /* ChatRoomDBRepository.swift */; };
		8E7FB7812B9C995200F05045 /* ChatRoomDBRepository.swift in Sources */ = {isa = PBXBuildFile; fileRef = 8E7FB77F2B9C995200F05045 /* ChatRoomDBRepository.swift */; };
		8E7FB7832B9C999D00F05045 /* ChatDBRepository.swift in Sources */ = {isa = PBXBuildFile; fileRef = 8E7FB7822B9C999D00F05045 /* ChatDBRepository.swift */; };
		8E7FB7842B9C999D00F05045 /* ChatDBRepository.swift in Sources */ = {isa = PBXBuildFile; fileRef = 8E7FB7822B9C999D00F05045 /* ChatDBRepository.swift */; };
		8E7FB7862B9C99A900F05045 /* DBReference.swift in Sources */ = {isa = PBXBuildFile; fileRef = 8E7FB7852B9C99A900F05045 /* DBReference.swift */; };
		8E7FB7872B9C99A900F05045 /* DBReference.swift in Sources */ = {isa = PBXBuildFile; fileRef = 8E7FB7852B9C99A900F05045 /* DBReference.swift */; };
		8E7FB7892B9C99C400F05045 /* User.swift in Sources */ = {isa = PBXBuildFile; fileRef = 8E7FB7882B9C99C300F05045 /* User.swift */; };
		8E7FB78A2B9C99C400F05045 /* User.swift in Sources */ = {isa = PBXBuildFile; fileRef = 8E7FB7882B9C99C300F05045 /* User.swift */; };
		8E7FB78C2B9C99D000F05045 /* ChatRoom.swift in Sources */ = {isa = PBXBuildFile; fileRef = 8E7FB78B2B9C99D000F05045 /* ChatRoom.swift */; };
		8E7FB78D2B9C99D000F05045 /* ChatRoom.swift in Sources */ = {isa = PBXBuildFile; fileRef = 8E7FB78B2B9C99D000F05045 /* ChatRoom.swift */; };
		8E7FB78F2B9C99E100F05045 /* Chat.swift in Sources */ = {isa = PBXBuildFile; fileRef = 8E7FB78E2B9C99E100F05045 /* Chat.swift */; };
		8E7FB7902B9C99E100F05045 /* Chat.swift in Sources */ = {isa = PBXBuildFile; fileRef = 8E7FB78E2B9C99E100F05045 /* Chat.swift */; };
		8E7FB7922B9C99ED00F05045 /* ChatData.swift in Sources */ = {isa = PBXBuildFile; fileRef = 8E7FB7912B9C99ED00F05045 /* ChatData.swift */; };
		8E7FB7932B9C99ED00F05045 /* ChatData.swift in Sources */ = {isa = PBXBuildFile; fileRef = 8E7FB7912B9C99ED00F05045 /* ChatData.swift */; };
		8E7FB7952B9C9B3300F05045 /* URLImageView.swift in Sources */ = {isa = PBXBuildFile; fileRef = 8E7FB7942B9C9B3300F05045 /* URLImageView.swift */; };
		8E7FB7962B9C9B3300F05045 /* URLImageView.swift in Sources */ = {isa = PBXBuildFile; fileRef = 8E7FB7942B9C9B3300F05045 /* URLImageView.swift */; };
		8E7FB7982B9C9B5E00F05045 /* URLImageViewModel.swift in Sources */ = {isa = PBXBuildFile; fileRef = 8E7FB7972B9C9B5E00F05045 /* URLImageViewModel.swift */; };
		8E7FB7992B9C9B5E00F05045 /* URLImageViewModel.swift in Sources */ = {isa = PBXBuildFile; fileRef = 8E7FB7972B9C9B5E00F05045 /* URLImageViewModel.swift */; };
		8E7FB79B2B9C9BC200F05045 /* PlaceholderView.swift in Sources */ = {isa = PBXBuildFile; fileRef = 8E7FB79A2B9C9BC200F05045 /* PlaceholderView.swift */; };
		8E7FB79C2B9C9BC200F05045 /* PlaceholderView.swift in Sources */ = {isa = PBXBuildFile; fileRef = 8E7FB79A2B9C9BC200F05045 /* PlaceholderView.swift */; };
		8E7FB79E2B9C9BCD00F05045 /* LoadingView.swift in Sources */ = {isa = PBXBuildFile; fileRef = 8E7FB79D2B9C9BCD00F05045 /* LoadingView.swift */; };
		8E7FB79F2B9C9BCD00F05045 /* LoadingView.swift in Sources */ = {isa = PBXBuildFile; fileRef = 8E7FB79D2B9C9BCD00F05045 /* LoadingView.swift */; };
		8E7FB7A12B9C9BD900F05045 /* ErrorView.swift in Sources */ = {isa = PBXBuildFile; fileRef = 8E7FB7A02B9C9BD900F05045 /* ErrorView.swift */; };
		8E7FB7A22B9C9BD900F05045 /* ErrorView.swift in Sources */ = {isa = PBXBuildFile; fileRef = 8E7FB7A02B9C9BD900F05045 /* ErrorView.swift */; };
		8E7FB7A42B9C9BE600F05045 /* SearchButton.swift in Sources */ = {isa = PBXBuildFile; fileRef = 8E7FB7A32B9C9BE600F05045 /* SearchButton.swift */; };
		8E7FB7A52B9C9BE600F05045 /* SearchButton.swift in Sources */ = {isa = PBXBuildFile; fileRef = 8E7FB7A32B9C9BE600F05045 /* SearchButton.swift */; };
		8E7FB7A72B9C9BF800F05045 /* NavigationRoutingView.swift in Sources */ = {isa = PBXBuildFile; fileRef = 8E7FB7A62B9C9BF800F05045 /* NavigationRoutingView.swift */; };
		8E7FB7A82B9C9BF800F05045 /* NavigationRoutingView.swift in Sources */ = {isa = PBXBuildFile; fileRef = 8E7FB7A62B9C9BF800F05045 /* NavigationRoutingView.swift */; };
		8E7FB7AA2B9C9C0300F05045 /* Constant.swift in Sources */ = {isa = PBXBuildFile; fileRef = 8E7FB7A92B9C9C0300F05045 /* Constant.swift */; };
		8E7FB7AB2B9C9C0300F05045 /* Constant.swift in Sources */ = {isa = PBXBuildFile; fileRef = 8E7FB7A92B9C9C0300F05045 /* Constant.swift */; };
		8E7FB7AD2B9C9C1200F05045 /* Phase.swift in Sources */ = {isa = PBXBuildFile; fileRef = 8E7FB7AC2B9C9C1200F05045 /* Phase.swift */; };
		8E7FB7AE2B9C9C1200F05045 /* Phase.swift in Sources */ = {isa = PBXBuildFile; fileRef = 8E7FB7AC2B9C9C1200F05045 /* Phase.swift */; };
		8E7FB7B02B9C9C2300F05045 /* ObservableObjectSettable.swift in Sources */ = {isa = PBXBuildFile; fileRef = 8E7FB7AF2B9C9C2300F05045 /* ObservableObjectSettable.swift */; };
		8E7FB7B12B9C9C2300F05045 /* ObservableObjectSettable.swift in Sources */ = {isa = PBXBuildFile; fileRef = 8E7FB7AF2B9C9C2300F05045 /* ObservableObjectSettable.swift */; };
		8E7FB7B32B9C9C3000F05045 /* NavigationRouter.swift in Sources */ = {isa = PBXBuildFile; fileRef = 8E7FB7B22B9C9C3000F05045 /* NavigationRouter.swift */; };
		8E7FB7B42B9C9C3000F05045 /* NavigationRouter.swift in Sources */ = {isa = PBXBuildFile; fileRef = 8E7FB7B22B9C9C3000F05045 /* NavigationRouter.swift */; };
		8E7FB7B62B9C9C3E00F05045 /* NavigationDestination.swift in Sources */ = {isa = PBXBuildFile; fileRef = 8E7FB7B52B9C9C3E00F05045 /* NavigationDestination.swift */; };
		8E7FB7B72B9C9C3E00F05045 /* NavigationDestination.swift in Sources */ = {isa = PBXBuildFile; fileRef = 8E7FB7B52B9C9C3E00F05045 /* NavigationDestination.swift */; };
		8E7FB7B92B9C9C4C00F05045 /* SearchDataController.swift in Sources */ = {isa = PBXBuildFile; fileRef = 8E7FB7B82B9C9C4C00F05045 /* SearchDataController.swift */; };
		8E7FB7BA2B9C9C4C00F05045 /* SearchDataController.swift in Sources */ = {isa = PBXBuildFile; fileRef = 8E7FB7B82B9C9C4C00F05045 /* SearchDataController.swift */; };
		8E7FB7BC2B9C9C5B00F05045 /* AppearanceController.swift in Sources */ = {isa = PBXBuildFile; fileRef = 8E7FB7BB2B9C9C5B00F05045 /* AppearanceController.swift */; };
		8E7FB7BD2B9C9C5B00F05045 /* AppearanceController.swift in Sources */ = {isa = PBXBuildFile; fileRef = 8E7FB7BB2B9C9C5B00F05045 /* AppearanceController.swift */; };
		8E7FB7BF2B9C9C6400F05045 /* AppearanceType.swift in Sources */ = {isa = PBXBuildFile; fileRef = 8E7FB7BE2B9C9C6400F05045 /* AppearanceType.swift */; };
		8E7FB7C02B9C9C6400F05045 /* AppearanceType.swift in Sources */ = {isa = PBXBuildFile; fileRef = 8E7FB7BE2B9C9C6400F05045 /* AppearanceType.swift */; };
		8E7FB7C22B9C9C7000F05045 /* DIContainer.swift in Sources */ = {isa = PBXBuildFile; fileRef = 8E7FB7C12B9C9C7000F05045 /* DIContainer.swift */; };
		8E7FB7C32B9C9C7000F05045 /* DIContainer.swift in Sources */ = {isa = PBXBuildFile; fileRef = 8E7FB7C12B9C9C7000F05045 /* DIContainer.swift */; };
		8E7FB7C52B9C9C9100F05045 /* AuthenticatedView.swift in Sources */ = {isa = PBXBuildFile; fileRef = 8E7FB7C42B9C9C9100F05045 /* AuthenticatedView.swift */; };
		8E7FB7C62B9C9C9100F05045 /* AuthenticatedView.swift in Sources */ = {isa = PBXBuildFile; fileRef = 8E7FB7C42B9C9C9100F05045 /* AuthenticatedView.swift */; };
		8E7FB7C82B9C9CA200F05045 /* AuthenticationViewModel.swift in Sources */ = {isa = PBXBuildFile; fileRef = 8E7FB7C72B9C9CA200F05045 /* AuthenticationViewModel.swift */; };
		8E7FB7C92B9C9CA200F05045 /* AuthenticationViewModel.swift in Sources */ = {isa = PBXBuildFile; fileRef = 8E7FB7C72B9C9CA200F05045 /* AuthenticationViewModel.swift */; };
		8E7FB7CB2B9C9D1200F05045 /* LoginIntroView.swift in Sources */ = {isa = PBXBuildFile; fileRef = 8E7FB7CA2B9C9D1200F05045 /* LoginIntroView.swift */; };
		8E7FB7CC2B9C9D1200F05045 /* LoginIntroView.swift in Sources */ = {isa = PBXBuildFile; fileRef = 8E7FB7CA2B9C9D1200F05045 /* LoginIntroView.swift */; };
		8E7FB7CE2B9C9D1F00F05045 /* LoginView.swift in Sources */ = {isa = PBXBuildFile; fileRef = 8E7FB7CD2B9C9D1F00F05045 /* LoginView.swift */; };
		8E7FB7CF2B9C9D1F00F05045 /* LoginView.swift in Sources */ = {isa = PBXBuildFile; fileRef = 8E7FB7CD2B9C9D1F00F05045 /* LoginView.swift */; };
		8E7FB7D12B9C9D2D00F05045 /* LoginButtonStyle.swift in Sources */ = {isa = PBXBuildFile; fileRef = 8E7FB7D02B9C9D2D00F05045 /* LoginButtonStyle.swift */; };
		8E7FB7D22B9C9D2D00F05045 /* LoginButtonStyle.swift in Sources */ = {isa = PBXBuildFile; fileRef = 8E7FB7D02B9C9D2D00F05045 /* LoginButtonStyle.swift */; };
		8E7FB7D42B9C9D3B00F05045 /* MainTabView.swift in Sources */ = {isa = PBXBuildFile; fileRef = 8E7FB7D32B9C9D3B00F05045 /* MainTabView.swift */; };
		8E7FB7D52B9C9D3B00F05045 /* MainTabView.swift in Sources */ = {isa = PBXBuildFile; fileRef = 8E7FB7D32B9C9D3B00F05045 /* MainTabView.swift */; };
		8E7FB7D72B9C9D4900F05045 /* MainTabType.swift in Sources */ = {isa = PBXBuildFile; fileRef = 8E7FB7D62B9C9D4900F05045 /* MainTabType.swift */; };
		8E7FB7D82B9C9D4900F05045 /* MainTabType.swift in Sources */ = {isa = PBXBuildFile; fileRef = 8E7FB7D62B9C9D4900F05045 /* MainTabType.swift */; };
		8E7FB7DA2B9C9D5800F05045 /* HomeView.swift in Sources */ = {isa = PBXBuildFile; fileRef = 8E7FB7D92B9C9D5800F05045 /* HomeView.swift */; };
		8E7FB7DB2B9C9D5800F05045 /* HomeView.swift in Sources */ = {isa = PBXBuildFile; fileRef = 8E7FB7D92B9C9D5800F05045 /* HomeView.swift */; };
		8E7FB7DD2B9C9D6C00F05045 /* HomeViewModel.swift in Sources */ = {isa = PBXBuildFile; fileRef = 8E7FB7DC2B9C9D6C00F05045 /* HomeViewModel.swift */; };
		8E7FB7DE2B9C9D6C00F05045 /* HomeViewModel.swift in Sources */ = {isa = PBXBuildFile; fileRef = 8E7FB7DC2B9C9D6C00F05045 /* HomeViewModel.swift */; };
		8E7FB7E02B9C9D7E00F05045 /* HomeModalDestination.swift in Sources */ = {isa = PBXBuildFile; fileRef = 8E7FB7DF2B9C9D7E00F05045 /* HomeModalDestination.swift */; };
		8E7FB7E12B9C9D7E00F05045 /* HomeModalDestination.swift in Sources */ = {isa = PBXBuildFile; fileRef = 8E7FB7DF2B9C9D7E00F05045 /* HomeModalDestination.swift */; };
		8E7FB7E32B9C9D8F00F05045 /* MyProfileView.swift in Sources */ = {isa = PBXBuildFile; fileRef = 8E7FB7E22B9C9D8F00F05045 /* MyProfileView.swift */; };
		8E7FB7E42B9C9D8F00F05045 /* MyProfileView.swift in Sources */ = {isa = PBXBuildFile; fileRef = 8E7FB7E22B9C9D8F00F05045 /* MyProfileView.swift */; };
		8E7FB7E62B9C9D9F00F05045 /* MyProfileViewModel.swift in Sources */ = {isa = PBXBuildFile; fileRef = 8E7FB7E52B9C9D9F00F05045 /* MyProfileViewModel.swift */; };
		8E7FB7E72B9C9D9F00F05045 /* MyProfileViewModel.swift in Sources */ = {isa = PBXBuildFile; fileRef = 8E7FB7E52B9C9D9F00F05045 /* MyProfileViewModel.swift */; };
		8E7FB7E92B9C9DAC00F05045 /* MyProfileMenuType.swift in Sources */ = {isa = PBXBuildFile; fileRef = 8E7FB7E82B9C9DAC00F05045 /* MyProfileMenuType.swift */; };
		8E7FB7EA2B9C9DAC00F05045 /* MyProfileMenuType.swift in Sources */ = {isa = PBXBuildFile; fileRef = 8E7FB7E82B9C9DAC00F05045 /* MyProfileMenuType.swift */; };
		8E7FB7EC2B9C9DB900F05045 /* MyProfileDescEditView.swift in Sources */ = {isa = PBXBuildFile; fileRef = 8E7FB7EB2B9C9DB900F05045 /* MyProfileDescEditView.swift */; };
		8E7FB7ED2B9C9DB900F05045 /* MyProfileDescEditView.swift in Sources */ = {isa = PBXBuildFile; fileRef = 8E7FB7EB2B9C9DB900F05045 /* MyProfileDescEditView.swift */; };
		8E7FB7EF2B9C9DCD00F05045 /* OtherProfileView.swift in Sources */ = {isa = PBXBuildFile; fileRef = 8E7FB7EE2B9C9DCD00F05045 /* OtherProfileView.swift */; };
		8E7FB7F02B9C9DCD00F05045 /* OtherProfileView.swift in Sources */ = {isa = PBXBuildFile; fileRef = 8E7FB7EE2B9C9DCD00F05045 /* OtherProfileView.swift */; };
		8E7FB7F22B9C9DDB00F05045 /* OtherProfileViewModel.swift in Sources */ = {isa = PBXBuildFile; fileRef = 8E7FB7F12B9C9DDB00F05045 /* OtherProfileViewModel.swift */; };
		8E7FB7F32B9C9DDB00F05045 /* OtherProfileViewModel.swift in Sources */ = {isa = PBXBuildFile; fileRef = 8E7FB7F12B9C9DDB00F05045 /* OtherProfileViewModel.swift */; };
		8E7FB7F52B9C9DE800F05045 /* OtherProfileMenuType.swift in Sources */ = {isa = PBXBuildFile; fileRef = 8E7FB7F42B9C9DE800F05045 /* OtherProfileMenuType.swift */; };
		8E7FB7F62B9C9DE800F05045 /* OtherProfileMenuType.swift in Sources */ = {isa = PBXBuildFile; fileRef = 8E7FB7F42B9C9DE800F05045 /* OtherProfileMenuType.swift */; };
		8E7FB7F82B9CD2A200F05045 /* ChatListView.swift in Sources */ = {isa = PBXBuildFile; fileRef = 8E7FB7F72B9CD2A200F05045 /* ChatListView.swift */; };
		8E7FB7F92B9CD2A200F05045 /* ChatListView.swift in Sources */ = {isa = PBXBuildFile; fileRef = 8E7FB7F72B9CD2A200F05045 /* ChatListView.swift */; };
		8E7FB7FB2B9CD2B200F05045 /* ChatListViewModel.swift in Sources */ = {isa = PBXBuildFile; fileRef = 8E7FB7FA2B9CD2B200F05045 /* ChatListViewModel.swift */; };
		8E7FB7FC2B9CD2B200F05045 /* ChatListViewModel.swift in Sources */ = {isa = PBXBuildFile; fileRef = 8E7FB7FA2B9CD2B200F05045 /* ChatListViewModel.swift */; };
		8E7FB7FE2B9CD2CE00F05045 /* ChatItemView.swift in Sources */ = {isa = PBXBuildFile; fileRef = 8E7FB7FD2B9CD2CE00F05045 /* ChatItemView.swift */; };
		8E7FB7FF2B9CD2CE00F05045 /* ChatItemView.swift in Sources */ = {isa = PBXBuildFile; fileRef = 8E7FB7FD2B9CD2CE00F05045 /* ChatItemView.swift */; };
		8E7FB8012B9CD2DF00F05045 /* ChatItemDirection.swift in Sources */ = {isa = PBXBuildFile; fileRef = 8E7FB8002B9CD2DF00F05045 /* ChatItemDirection.swift */; };
		8E7FB8022B9CD2DF00F05045 /* ChatItemDirection.swift in Sources */ = {isa = PBXBuildFile; fileRef = 8E7FB8002B9CD2DF00F05045 /* ChatItemDirection.swift */; };
		8E7FB8042B9CD2EC00F05045 /* KeyboardToolbar.swift in Sources */ = {isa = PBXBuildFile; fileRef = 8E7FB8032B9CD2EC00F05045 /* KeyboardToolbar.swift */; };
		8E7FB8052B9CD2EC00F05045 /* KeyboardToolbar.swift in Sources */ = {isa = PBXBuildFile; fileRef = 8E7FB8032B9CD2EC00F05045 /* KeyboardToolbar.swift */; };
		8E7FB8072B9CD2FD00F05045 /* ChatImageItemView.swift in Sources */ = {isa = PBXBuildFile; fileRef = 8E7FB8062B9CD2FD00F05045 /* ChatImageItemView.swift */; };
		8E7FB8082B9CD2FD00F05045 /* ChatImageItemView.swift in Sources */ = {isa = PBXBuildFile; fileRef = 8E7FB8062B9CD2FD00F05045 /* ChatImageItemView.swift */; };
		8E7FB80A2B9CD30E00F05045 /* ChatView.swift in Sources */ = {isa = PBXBuildFile; fileRef = 8E7FB8092B9CD30E00F05045 /* ChatView.swift */; };
		8E7FB80B2B9CD30E00F05045 /* ChatView.swift in Sources */ = {isa = PBXBuildFile; fileRef = 8E7FB8092B9CD30E00F05045 /* ChatView.swift */; };
		8E7FB80D2B9CD31D00F05045 /* ChatViewModel.swift in Sources */ = {isa = PBXBuildFile; fileRef = 8E7FB80C2B9CD31D00F05045 /* ChatViewModel.swift */; };
		8E7FB80E2B9CD31D00F05045 /* ChatViewModel.swift in Sources */ = {isa = PBXBuildFile; fileRef = 8E7FB80C2B9CD31D00F05045 /* ChatViewModel.swift */; };
		8E7FB8102B9CD32F00F05045 /* SearchView.swift in Sources */ = {isa = PBXBuildFile; fileRef = 8E7FB80F2B9CD32F00F05045 /* SearchView.swift */; };
		8E7FB8112B9CD32F00F05045 /* SearchView.swift in Sources */ = {isa = PBXBuildFile; fileRef = 8E7FB80F2B9CD32F00F05045 /* SearchView.swift */; };
		8E7FB8132B9CD33C00F05045 /* SearchViewModel.swift in Sources */ = {isa = PBXBuildFile; fileRef = 8E7FB8122B9CD33B00F05045 /* SearchViewModel.swift */; };
		8E7FB8142B9CD33C00F05045 /* SearchViewModel.swift in Sources */ = {isa = PBXBuildFile; fileRef = 8E7FB8122B9CD33B00F05045 /* SearchViewModel.swift */; };
		8E7FB8162B9CD34800F05045 /* SearchBar.swift in Sources */ = {isa = PBXBuildFile; fileRef = 8E7FB8152B9CD34800F05045 /* SearchBar.swift */; };
		8E7FB8172B9CD34800F05045 /* SearchBar.swift in Sources */ = {isa = PBXBuildFile; fileRef = 8E7FB8152B9CD34800F05045 /* SearchBar.swift */; };
		8E7FB8192B9CD35700F05045 /* RecentSearchView.swift in Sources */ = {isa = PBXBuildFile; fileRef = 8E7FB8182B9CD35700F05045 /* RecentSearchView.swift */; };
		8E7FB81A2B9CD35700F05045 /* RecentSearchView.swift in Sources */ = {isa = PBXBuildFile; fileRef = 8E7FB8182B9CD35700F05045 /* RecentSearchView.swift */; };
		8E7FB81C2B9CD36500F05045 /* SettingView.swift in Sources */ = {isa = PBXBuildFile; fileRef = 8E7FB81B2B9CD36500F05045 /* SettingView.swift */; };
		8E7FB81D2B9CD36500F05045 /* SettingView.swift in Sources */ = {isa = PBXBuildFile; fileRef = 8E7FB81B2B9CD36500F05045 /* SettingView.swift */; };
		8E7FB81F2B9CD37300F05045 /* SettingViewModel.swift in Sources */ = {isa = PBXBuildFile; fileRef = 8E7FB81E2B9CD37300F05045 /* SettingViewModel.swift */; };
		8E7FB8202B9CD37300F05045 /* SettingViewModel.swift in Sources */ = {isa = PBXBuildFile; fileRef = 8E7FB81E2B9CD37300F05045 /* SettingViewModel.swift */; };
		8E7FB8222B9CD38400F05045 /* SettingItem.swift in Sources */ = {isa = PBXBuildFile; fileRef = 8E7FB8212B9CD38400F05045 /* SettingItem.swift */; };
		8E7FB8232B9CD38400F05045 /* SettingItem.swift in Sources */ = {isa = PBXBuildFile; fileRef = 8E7FB8212B9CD38400F05045 /* SettingItem.swift */; };
		8E7FB8252B9CD46A00F05045 /* ImageCacheService.swift in Sources */ = {isa = PBXBuildFile; fileRef = 8E7FB8242B9CD46A00F05045 /* ImageCacheService.swift */; };
		8E7FB8262B9CD46A00F05045 /* ImageCacheService.swift in Sources */ = {isa = PBXBuildFile; fileRef = 8E7FB8242B9CD46A00F05045 /* ImageCacheService.swift */; };
		8E7FB8282B9CD47A00F05045 /* MemoryStorage.swift in Sources */ = {isa = PBXBuildFile; fileRef = 8E7FB8272B9CD47A00F05045 /* MemoryStorage.swift */; };
		8E7FB8292B9CD47A00F05045 /* MemoryStorage.swift in Sources */ = {isa = PBXBuildFile; fileRef = 8E7FB8272B9CD47A00F05045 /* MemoryStorage.swift */; };
		8E7FB82B2B9CD48700F05045 /* DiskStorage.swift in Sources */ = {isa = PBXBuildFile; fileRef = 8E7FB82A2B9CD48700F05045 /* DiskStorage.swift */; };
		8E7FB82C2B9CD48700F05045 /* DiskStorage.swift in Sources */ = {isa = PBXBuildFile; fileRef = 8E7FB82A2B9CD48700F05045 /* DiskStorage.swift */; };
		8E7FB82E2B9CD49700F05045 /* PhotoPickerService.swift in Sources */ = {isa = PBXBuildFile; fileRef = 8E7FB82D2B9CD49700F05045 /* PhotoPickerService.swift */; };
		8E7FB82F2B9CD49700F05045 /* PhotoPickerService.swift in Sources */ = {isa = PBXBuildFile; fileRef = 8E7FB82D2B9CD49700F05045 /* PhotoPickerService.swift */; };
/* End PBXBuildFile section */

/* Begin PBXContainerItemProxy section */
		8E7FB7332B9C873100F05045 /* PBXContainerItemProxy */ = {
			isa = PBXContainerItemProxy;
			containerPortal = 8E7FB71A2B9C872E00F05045 /* Project object */;
			proxyType = 1;
			remoteGlobalIDString = 8E7FB7212B9C872E00F05045;
			remoteInfo = Line;
		};
		8E7FB73D2B9C873100F05045 /* PBXContainerItemProxy */ = {
			isa = PBXContainerItemProxy;
			containerPortal = 8E7FB71A2B9C872E00F05045 /* Project object */;
			proxyType = 1;
			remoteGlobalIDString = 8E7FB7212B9C872E00F05045;
			remoteInfo = Line;
		};
/* End PBXContainerItemProxy section */

/* Begin PBXFileReference section */
		8E7FB7222B9C872E00F05045 /* Line.app */ = {isa = PBXFileReference; explicitFileType = wrapper.application; includeInIndex = 0; path = Line.app; sourceTree = BUILT_PRODUCTS_DIR; };
		8E7FB7252B9C872E00F05045 /* LineApp.swift */ = {isa = PBXFileReference; lastKnownFileType = sourcecode.swift; path = LineApp.swift; sourceTree = "<group>"; };
		8E7FB7272B9C872E00F05045 /* ContentView.swift */ = {isa = PBXFileReference; lastKnownFileType = sourcecode.swift; path = ContentView.swift; sourceTree = "<group>"; };
		8E7FB7292B9C873100F05045 /* Assets.xcassets */ = {isa = PBXFileReference; lastKnownFileType = folder.assetcatalog; path = Assets.xcassets; sourceTree = "<group>"; };
		8E7FB72C2B9C873100F05045 /* Preview Assets.xcassets */ = {isa = PBXFileReference; lastKnownFileType = folder.assetcatalog; path = "Preview Assets.xcassets"; sourceTree = "<group>"; };
		8E7FB7322B9C873100F05045 /* LineTests.xctest */ = {isa = PBXFileReference; explicitFileType = wrapper.cfbundle; includeInIndex = 0; path = LineTests.xctest; sourceTree = BUILT_PRODUCTS_DIR; };
		8E7FB7362B9C873100F05045 /* LineTests.swift */ = {isa = PBXFileReference; lastKnownFileType = sourcecode.swift; path = LineTests.swift; sourceTree = "<group>"; };
		8E7FB73C2B9C873100F05045 /* LineUITests.xctest */ = {isa = PBXFileReference; explicitFileType = wrapper.cfbundle; includeInIndex = 0; path = LineUITests.xctest; sourceTree = BUILT_PRODUCTS_DIR; };
		8E7FB7402B9C873200F05045 /* LineUITests.swift */ = {isa = PBXFileReference; lastKnownFileType = sourcecode.swift; path = LineUITests.swift; sourceTree = "<group>"; };
		8E7FB7422B9C873200F05045 /* LineUITestsLaunchTests.swift */ = {isa = PBXFileReference; lastKnownFileType = sourcecode.swift; path = LineUITestsLaunchTests.swift; sourceTree = "<group>"; };
		8E7FB7552B9C8B0600F05045 /* AppDelegate.swift */ = {isa = PBXFileReference; lastKnownFileType = sourcecode.swift; path = AppDelegate.swift; sourceTree = "<group>"; };
		8E7FB7582B9C8C2B00F05045 /* GoogleService-Info.plist */ = {isa = PBXFileReference; fileEncoding = 4; lastKnownFileType = text.plist.xml; path = "GoogleService-Info.plist"; sourceTree = "<group>"; };
		8E7FB75B2B9C8C5C00F05045 /* Info.plist */ = {isa = PBXFileReference; lastKnownFileType = text.plist.xml; path = Info.plist; sourceTree = "<group>"; };
		8E7FB7662B9C923300F05045 /* Line.entitlements */ = {isa = PBXFileReference; lastKnownFileType = text.plist.entitlements; path = Line.entitlements; sourceTree = "<group>"; };
		8E7FB76A2B9C96CE00F05045 /* Search.xcdatamodel */ = {isa = PBXFileReference; lastKnownFileType = wrapper.xcdatamodel; path = Search.xcdatamodel; sourceTree = "<group>"; };
		8E7FB76D2B9C98D600F05045 /* UploadProvider.swift */ = {isa = PBXFileReference; lastKnownFileType = sourcecode.swift; path = UploadProvider.swift; sourceTree = "<group>"; };
		8E7FB7702B9C98F600F05045 /* UserObject.swift */ = {isa = PBXFileReference; lastKnownFileType = sourcecode.swift; path = UserObject.swift; sourceTree = "<group>"; };
		8E7FB7732B9C991900F05045 /* ChatRoomObject.swift */ = {isa = PBXFileReference; lastKnownFileType = sourcecode.swift; path = ChatRoomObject.swift; sourceTree = "<group>"; };
		8E7FB7762B9C992A00F05045 /* ChatObject.swift */ = {isa = PBXFileReference; lastKnownFileType = sourcecode.swift; path = ChatObject.swift; sourceTree = "<group>"; };
		8E7FB7792B9C993700F05045 /* UserDBRepository.swift */ = {isa = PBXFileReference; lastKnownFileType = sourcecode.swift; path = UserDBRepository.swift; sourceTree = "<group>"; };
		8E7FB77C2B9C994800F05045 /* DBError.swift */ = {isa = PBXFileReference; lastKnownFileType = sourcecode.swift; path = DBError.swift; sourceTree = "<group>"; };
		8E7FB77F2B9C995200F05045 /* ChatRoomDBRepository.swift */ = {isa = PBXFileReference; lastKnownFileType = sourcecode.swift; path = ChatRoomDBRepository.swift; sourceTree = "<group>"; };
		8E7FB7822B9C999D00F05045 /* ChatDBRepository.swift */ = {isa = PBXFileReference; lastKnownFileType = sourcecode.swift; path = ChatDBRepository.swift; sourceTree = "<group>"; };
		8E7FB7852B9C99A900F05045 /* DBReference.swift */ = {isa = PBXFileReference; lastKnownFileType = sourcecode.swift; path = DBReference.swift; sourceTree = "<group>"; };
		8E7FB7882B9C99C300F05045 /* User.swift */ = {isa = PBXFileReference; lastKnownFileType = sourcecode.swift; path = User.swift; sourceTree = "<group>"; };
		8E7FB78B2B9C99D000F05045 /* ChatRoom.swift */ = {isa = PBXFileReference; lastKnownFileType = sourcecode.swift; path = ChatRoom.swift; sourceTree = "<group>"; };
		8E7FB78E2B9C99E100F05045 /* Chat.swift */ = {isa = PBXFileReference; lastKnownFileType = sourcecode.swift; path = Chat.swift; sourceTree = "<group>"; };
		8E7FB7912B9C99ED00F05045 /* ChatData.swift */ = {isa = PBXFileReference; lastKnownFileType = sourcecode.swift; path = ChatData.swift; sourceTree = "<group>"; };
		8E7FB7942B9C9B3300F05045 /* URLImageView.swift */ = {isa = PBXFileReference; lastKnownFileType = sourcecode.swift; path = URLImageView.swift; sourceTree = "<group>"; };
		8E7FB7972B9C9B5E00F05045 /* URLImageViewModel.swift */ = {isa = PBXFileReference; lastKnownFileType = sourcecode.swift; path = URLImageViewModel.swift; sourceTree = "<group>"; };
		8E7FB79A2B9C9BC200F05045 /* PlaceholderView.swift */ = {isa = PBXFileReference; lastKnownFileType = sourcecode.swift; path = PlaceholderView.swift; sourceTree = "<group>"; };
		8E7FB79D2B9C9BCD00F05045 /* LoadingView.swift */ = {isa = PBXFileReference; lastKnownFileType = sourcecode.swift; path = LoadingView.swift; sourceTree = "<group>"; };
		8E7FB7A02B9C9BD900F05045 /* ErrorView.swift */ = {isa = PBXFileReference; lastKnownFileType = sourcecode.swift; path = ErrorView.swift; sourceTree = "<group>"; };
		8E7FB7A32B9C9BE600F05045 /* SearchButton.swift */ = {isa = PBXFileReference; lastKnownFileType = sourcecode.swift; path = SearchButton.swift; sourceTree = "<group>"; };
		8E7FB7A62B9C9BF800F05045 /* NavigationRoutingView.swift */ = {isa = PBXFileReference; lastKnownFileType = sourcecode.swift; path = NavigationRoutingView.swift; sourceTree = "<group>"; };
		8E7FB7A92B9C9C0300F05045 /* Constant.swift */ = {isa = PBXFileReference; lastKnownFileType = sourcecode.swift; path = Constant.swift; sourceTree = "<group>"; };
		8E7FB7AC2B9C9C1200F05045 /* Phase.swift */ = {isa = PBXFileReference; lastKnownFileType = sourcecode.swift; path = Phase.swift; sourceTree = "<group>"; };
		8E7FB7AF2B9C9C2300F05045 /* ObservableObjectSettable.swift */ = {isa = PBXFileReference; lastKnownFileType = sourcecode.swift; path = ObservableObjectSettable.swift; sourceTree = "<group>"; };
		8E7FB7B22B9C9C3000F05045 /* NavigationRouter.swift */ = {isa = PBXFileReference; lastKnownFileType = sourcecode.swift; path = NavigationRouter.swift; sourceTree = "<group>"; };
		8E7FB7B52B9C9C3E00F05045 /* NavigationDestination.swift */ = {isa = PBXFileReference; lastKnownFileType = sourcecode.swift; path = NavigationDestination.swift; sourceTree = "<group>"; };
		8E7FB7B82B9C9C4C00F05045 /* SearchDataController.swift */ = {isa = PBXFileReference; lastKnownFileType = sourcecode.swift; path = SearchDataController.swift; sourceTree = "<group>"; };
		8E7FB7BB2B9C9C5B00F05045 /* AppearanceController.swift */ = {isa = PBXFileReference; lastKnownFileType = sourcecode.swift; path = AppearanceController.swift; sourceTree = "<group>"; };
		8E7FB7BE2B9C9C6400F05045 /* AppearanceType.swift */ = {isa = PBXFileReference; lastKnownFileType = sourcecode.swift; path = AppearanceType.swift; sourceTree = "<group>"; };
		8E7FB7C12B9C9C7000F05045 /* DIContainer.swift */ = {isa = PBXFileReference; lastKnownFileType = sourcecode.swift; path = DIContainer.swift; sourceTree = "<group>"; };
		8E7FB7C42B9C9C9100F05045 /* AuthenticatedView.swift */ = {isa = PBXFileReference; lastKnownFileType = sourcecode.swift; path = AuthenticatedView.swift; sourceTree = "<group>"; };
		8E7FB7C72B9C9CA200F05045 /* AuthenticationViewModel.swift */ = {isa = PBXFileReference; lastKnownFileType = sourcecode.swift; path = AuthenticationViewModel.swift; sourceTree = "<group>"; };
		8E7FB7CA2B9C9D1200F05045 /* LoginIntroView.swift */ = {isa = PBXFileReference; lastKnownFileType = sourcecode.swift; path = LoginIntroView.swift; sourceTree = "<group>"; };
		8E7FB7CD2B9C9D1F00F05045 /* LoginView.swift */ = {isa = PBXFileReference; lastKnownFileType = sourcecode.swift; path = LoginView.swift; sourceTree = "<group>"; };
		8E7FB7D02B9C9D2D00F05045 /* LoginButtonStyle.swift */ = {isa = PBXFileReference; lastKnownFileType = sourcecode.swift; path = LoginButtonStyle.swift; sourceTree = "<group>"; };
		8E7FB7D32B9C9D3B00F05045 /* MainTabView.swift */ = {isa = PBXFileReference; lastKnownFileType = sourcecode.swift; path = MainTabView.swift; sourceTree = "<group>"; };
		8E7FB7D62B9C9D4900F05045 /* MainTabType.swift */ = {isa = PBXFileReference; lastKnownFileType = sourcecode.swift; path = MainTabType.swift; sourceTree = "<group>"; };
		8E7FB7D92B9C9D5800F05045 /* HomeView.swift */ = {isa = PBXFileReference; lastKnownFileType = sourcecode.swift; path = HomeView.swift; sourceTree = "<group>"; };
		8E7FB7DC2B9C9D6C00F05045 /* HomeViewModel.swift */ = {isa = PBXFileReference; lastKnownFileType = sourcecode.swift; path = HomeViewModel.swift; sourceTree = "<group>"; };
		8E7FB7DF2B9C9D7E00F05045 /* HomeModalDestination.swift */ = {isa = PBXFileReference; lastKnownFileType = sourcecode.swift; path = HomeModalDestination.swift; sourceTree = "<group>"; };
		8E7FB7E22B9C9D8F00F05045 /* MyProfileView.swift */ = {isa = PBXFileReference; lastKnownFileType = sourcecode.swift; path = MyProfileView.swift; sourceTree = "<group>"; };
		8E7FB7E52B9C9D9F00F05045 /* MyProfileViewModel.swift */ = {isa = PBXFileReference; lastKnownFileType = sourcecode.swift; path = MyProfileViewModel.swift; sourceTree = "<group>"; };
		8E7FB7E82B9C9DAC00F05045 /* MyProfileMenuType.swift */ = {isa = PBXFileReference; lastKnownFileType = sourcecode.swift; path = MyProfileMenuType.swift; sourceTree = "<group>"; };
		8E7FB7EB2B9C9DB900F05045 /* MyProfileDescEditView.swift */ = {isa = PBXFileReference; lastKnownFileType = sourcecode.swift; path = MyProfileDescEditView.swift; sourceTree = "<group>"; };
		8E7FB7EE2B9C9DCD00F05045 /* OtherProfileView.swift */ = {isa = PBXFileReference; lastKnownFileType = sourcecode.swift; path = OtherProfileView.swift; sourceTree = "<group>"; };
		8E7FB7F12B9C9DDB00F05045 /* OtherProfileViewModel.swift */ = {isa = PBXFileReference; lastKnownFileType = sourcecode.swift; path = OtherProfileViewModel.swift; sourceTree = "<group>"; };
		8E7FB7F42B9C9DE800F05045 /* OtherProfileMenuType.swift */ = {isa = PBXFileReference; lastKnownFileType = sourcecode.swift; path = OtherProfileMenuType.swift; sourceTree = "<group>"; };
		8E7FB7F72B9CD2A200F05045 /* ChatListView.swift */ = {isa = PBXFileReference; lastKnownFileType = sourcecode.swift; path = ChatListView.swift; sourceTree = "<group>"; };
		8E7FB7FA2B9CD2B200F05045 /* ChatListViewModel.swift */ = {isa = PBXFileReference; lastKnownFileType = sourcecode.swift; path = ChatListViewModel.swift; sourceTree = "<group>"; };
		8E7FB7FD2B9CD2CE00F05045 /* ChatItemView.swift */ = {isa = PBXFileReference; lastKnownFileType = sourcecode.swift; path = ChatItemView.swift; sourceTree = "<group>"; };
		8E7FB8002B9CD2DF00F05045 /* ChatItemDirection.swift */ = {isa = PBXFileReference; lastKnownFileType = sourcecode.swift; path = ChatItemDirection.swift; sourceTree = "<group>"; };
		8E7FB8032B9CD2EC00F05045 /* KeyboardToolbar.swift */ = {isa = PBXFileReference; lastKnownFileType = sourcecode.swift; path = KeyboardToolbar.swift; sourceTree = "<group>"; };
		8E7FB8062B9CD2FD00F05045 /* ChatImageItemView.swift */ = {isa = PBXFileReference; lastKnownFileType = sourcecode.swift; path = ChatImageItemView.swift; sourceTree = "<group>"; };
		8E7FB8092B9CD30E00F05045 /* ChatView.swift */ = {isa = PBXFileReference; lastKnownFileType = sourcecode.swift; path = ChatView.swift; sourceTree = "<group>"; };
		8E7FB80C2B9CD31D00F05045 /* ChatViewModel.swift */ = {isa = PBXFileReference; lastKnownFileType = sourcecode.swift; path = ChatViewModel.swift; sourceTree = "<group>"; };
		8E7FB80F2B9CD32F00F05045 /* SearchView.swift */ = {isa = PBXFileReference; lastKnownFileType = sourcecode.swift; path = SearchView.swift; sourceTree = "<group>"; };
		8E7FB8122B9CD33B00F05045 /* SearchViewModel.swift */ = {isa = PBXFileReference; lastKnownFileType = sourcecode.swift; path = SearchViewModel.swift; sourceTree = "<group>"; };
		8E7FB8152B9CD34800F05045 /* SearchBar.swift */ = {isa = PBXFileReference; lastKnownFileType = sourcecode.swift; path = SearchBar.swift; sourceTree = "<group>"; };
		8E7FB8182B9CD35700F05045 /* RecentSearchView.swift */ = {isa = PBXFileReference; lastKnownFileType = sourcecode.swift; path = RecentSearchView.swift; sourceTree = "<group>"; };
		8E7FB81B2B9CD36500F05045 /* SettingView.swift */ = {isa = PBXFileReference; lastKnownFileType = sourcecode.swift; path = SettingView.swift; sourceTree = "<group>"; };
		8E7FB81E2B9CD37300F05045 /* SettingViewModel.swift */ = {isa = PBXFileReference; lastKnownFileType = sourcecode.swift; path = SettingViewModel.swift; sourceTree = "<group>"; };
		8E7FB8212B9CD38400F05045 /* SettingItem.swift */ = {isa = PBXFileReference; lastKnownFileType = sourcecode.swift; path = SettingItem.swift; sourceTree = "<group>"; };
		8E7FB8242B9CD46A00F05045 /* ImageCacheService.swift */ = {isa = PBXFileReference; lastKnownFileType = sourcecode.swift; path = ImageCacheService.swift; sourceTree = "<group>"; };
		8E7FB8272B9CD47A00F05045 /* MemoryStorage.swift */ = {isa = PBXFileReference; lastKnownFileType = sourcecode.swift; path = MemoryStorage.swift; sourceTree = "<group>"; };
		8E7FB82A2B9CD48700F05045 /* DiskStorage.swift */ = {isa = PBXFileReference; lastKnownFileType = sourcecode.swift; path = DiskStorage.swift; sourceTree = "<group>"; };
		8E7FB82D2B9CD49700F05045 /* PhotoPickerService.swift */ = {isa = PBXFileReference; lastKnownFileType = sourcecode.swift; path = PhotoPickerService.swift; sourceTree = "<group>"; };
/* End PBXFileReference section */

/* Begin PBXFrameworksBuildPhase section */
		8E7FB71F2B9C872E00F05045 /* Frameworks */ = {
			isa = PBXFrameworksBuildPhase;
			buildActionMask = 2147483647;
			files = (
				8E7FB7682B9C925600F05045 /* FirebaseMessaging in Frameworks */,
				8E7FB7612B9C8DFF00F05045 /* FirebaseDatabase in Frameworks */,
				8E7FB7632B9C909E00F05045 /* FirebaseStorage in Frameworks */,
				8E7FB7652B9C909E00F05045 /* FirebaseStorageCombine-Community in Frameworks */,
				8E7FB7542B9C8AAA00F05045 /* FirebaseAuth in Frameworks */,
				8E7FB75E2B9C8D1100F05045 /* GoogleSignIn in Frameworks */,
			);
			runOnlyForDeploymentPostprocessing = 0;
		};
		8E7FB72F2B9C873100F05045 /* Frameworks */ = {
			isa = PBXFrameworksBuildPhase;
			buildActionMask = 2147483647;
			files = (
			);
			runOnlyForDeploymentPostprocessing = 0;
		};
		8E7FB7392B9C873100F05045 /* Frameworks */ = {
			isa = PBXFrameworksBuildPhase;
			buildActionMask = 2147483647;
			files = (
			);
			runOnlyForDeploymentPostprocessing = 0;
		};
/* End PBXFrameworksBuildPhase section */

/* Begin PBXGroup section */
		8E7FB7192B9C872E00F05045 = {
			isa = PBXGroup;
			children = (
				8E7FB7AC2B9C9C1200F05045 /* Phase.swift */,
				8E7FB7242B9C872E00F05045 /* Line */,
				8E7FB7352B9C873100F05045 /* LineTests */,
				8E7FB73F2B9C873100F05045 /* LineUITests */,
				8E7FB7232B9C872E00F05045 /* Products */,
				8E7FB72B2B9C873100F05045 /* Preview Content */,
				8E7FB75F2B9C8DFF00F05045 /* Frameworks */,
			);
			sourceTree = "<group>";
		};
		8E7FB7232B9C872E00F05045 /* Products */ = {
			isa = PBXGroup;
			children = (
				8E7FB7222B9C872E00F05045 /* Line.app */,
				8E7FB7322B9C873100F05045 /* LineTests.xctest */,
				8E7FB73C2B9C873100F05045 /* LineUITests.xctest */,
			);
			name = Products;
			sourceTree = "<group>";
		};
		8E7FB7242B9C872E00F05045 /* Line */ = {
			isa = PBXGroup;
			children = (
				8E7FB7662B9C923300F05045 /* Line.entitlements */,
				8E7FB7252B9C872E00F05045 /* LineApp.swift */,
				8E7FB7272B9C872E00F05045 /* ContentView.swift */,
				8E7FB7292B9C873100F05045 /* Assets.xcassets */,
				8E7FB7552B9C8B0600F05045 /* AppDelegate.swift */,
				8E7FB7692B9C96CE00F05045 /* Search.xcdatamodeld */,
				8E7FB76D2B9C98D600F05045 /* UploadProvider.swift */,
				8E7FB7702B9C98F600F05045 /* UserObject.swift */,
				8E7FB7732B9C991900F05045 /* ChatRoomObject.swift */,
				8E7FB7762B9C992A00F05045 /* ChatObject.swift */,
				8E7FB7792B9C993700F05045 /* UserDBRepository.swift */,
				8E7FB77C2B9C994800F05045 /* DBError.swift */,
				8E7FB77F2B9C995200F05045 /* ChatRoomDBRepository.swift */,
				8E7FB7822B9C999D00F05045 /* ChatDBRepository.swift */,
				8E7FB7852B9C99A900F05045 /* DBReference.swift */,
				8E7FB7882B9C99C300F05045 /* User.swift */,
				8E7FB78B2B9C99D000F05045 /* ChatRoom.swift */,
				8E7FB78E2B9C99E100F05045 /* Chat.swift */,
				8E7FB7912B9C99ED00F05045 /* ChatData.swift */,
				8E7FB7942B9C9B3300F05045 /* URLImageView.swift */,
				8E7FB7972B9C9B5E00F05045 /* URLImageViewModel.swift */,
				8E7FB79A2B9C9BC200F05045 /* PlaceholderView.swift */,
				8E7FB79D2B9C9BCD00F05045 /* LoadingView.swift */,
				8E7FB7A02B9C9BD900F05045 /* ErrorView.swift */,
				8E7FB7A32B9C9BE600F05045 /* SearchButton.swift */,
				8E7FB7A62B9C9BF800F05045 /* NavigationRoutingView.swift */,
				8E7FB7A92B9C9C0300F05045 /* Constant.swift */,
				8E7FB7AF2B9C9C2300F05045 /* ObservableObjectSettable.swift */,
				8E7FB7B22B9C9C3000F05045 /* NavigationRouter.swift */,
				8E7FB7B52B9C9C3E00F05045 /* NavigationDestination.swift */,
				8E7FB7B82B9C9C4C00F05045 /* SearchDataController.swift */,
				8E7FB7BB2B9C9C5B00F05045 /* AppearanceController.swift */,
				8E7FB7BE2B9C9C6400F05045 /* AppearanceType.swift */,
				8E7FB7C12B9C9C7000F05045 /* DIContainer.swift */,
				8E7FB7C42B9C9C9100F05045 /* AuthenticatedView.swift */,
				8E7FB7C72B9C9CA200F05045 /* AuthenticationViewModel.swift */,
				8E7FB7CA2B9C9D1200F05045 /* LoginIntroView.swift */,
				8E7FB7CD2B9C9D1F00F05045 /* LoginView.swift */,
				8E7FB7D02B9C9D2D00F05045 /* LoginButtonStyle.swift */,
				8E7FB7D32B9C9D3B00F05045 /* MainTabView.swift */,
				8E7FB7D62B9C9D4900F05045 /* MainTabType.swift */,
				8E7FB7D92B9C9D5800F05045 /* HomeView.swift */,
				8E7FB7DC2B9C9D6C00F05045 /* HomeViewModel.swift */,
				8E7FB7DF2B9C9D7E00F05045 /* HomeModalDestination.swift */,
				8E7FB7E22B9C9D8F00F05045 /* MyProfileView.swift */,
				8E7FB7E52B9C9D9F00F05045 /* MyProfileViewModel.swift */,
				8E7FB7E82B9C9DAC00F05045 /* MyProfileMenuType.swift */,
				8E7FB7EB2B9C9DB900F05045 /* MyProfileDescEditView.swift */,
				8E7FB7EE2B9C9DCD00F05045 /* OtherProfileView.swift */,
				8E7FB7F12B9C9DDB00F05045 /* OtherProfileViewModel.swift */,
				8E7FB7F42B9C9DE800F05045 /* OtherProfileMenuType.swift */,
				8E7FB7F72B9CD2A200F05045 /* ChatListView.swift */,
				8E7FB7FA2B9CD2B200F05045 /* ChatListViewModel.swift */,
				8E7FB7FD2B9CD2CE00F05045 /* ChatItemView.swift */,
				8E7FB8002B9CD2DF00F05045 /* ChatItemDirection.swift */,
				8E7FB8032B9CD2EC00F05045 /* KeyboardToolbar.swift */,
				8E7FB8062B9CD2FD00F05045 /* ChatImageItemView.swift */,
				8E7FB8092B9CD30E00F05045 /* ChatView.swift */,
				8E7FB80C2B9CD31D00F05045 /* ChatViewModel.swift */,
				8E7FB80F2B9CD32F00F05045 /* SearchView.swift */,
				8E7FB8122B9CD33B00F05045 /* SearchViewModel.swift */,
				8E7FB8152B9CD34800F05045 /* SearchBar.swift */,
				8E7FB8182B9CD35700F05045 /* RecentSearchView.swift */,
				8E7FB81B2B9CD36500F05045 /* SettingView.swift */,
				8E7FB81E2B9CD37300F05045 /* SettingViewModel.swift */,
				8E7FB8212B9CD38400F05045 /* SettingItem.swift */,
				8E7FB8242B9CD46A00F05045 /* ImageCacheService.swift */,
				8E7FB8272B9CD47A00F05045 /* MemoryStorage.swift */,
				8E7FB82A2B9CD48700F05045 /* DiskStorage.swift */,
				8E7FB82D2B9CD49700F05045 /* PhotoPickerService.swift */,
			);
			path = Line;
			sourceTree = "<group>";
		};
		8E7FB72B2B9C873100F05045 /* Preview Content */ = {
			isa = PBXGroup;
			children = (
				8E7FB72C2B9C873100F05045 /* Preview Assets.xcassets */,
			);
			path = "Preview Content";
			sourceTree = "<group>";
		};
		8E7FB7352B9C873100F05045 /* LineTests */ = {
			isa = PBXGroup;
			children = (
				8E7FB7362B9C873100F05045 /* LineTests.swift */,
			);
			path = LineTests;
			sourceTree = "<group>";
		};
		8E7FB73F2B9C873100F05045 /* LineUITests */ = {
			isa = PBXGroup;
			children = (
				8E7FB7402B9C873200F05045 /* LineUITests.swift */,
				8E7FB7422B9C873200F05045 /* LineUITestsLaunchTests.swift */,
			);
			path = LineUITests;
			sourceTree = "<group>";
		};
		8E7FB75F2B9C8DFF00F05045 /* Frameworks */ = {
			isa = PBXGroup;
			children = (
				8E7FB7582B9C8C2B00F05045 /* GoogleService-Info.plist */,
				8E7FB75B2B9C8C5C00F05045 /* Info.plist */,
			);
			name = Frameworks;
			sourceTree = "<group>";
		};
/* End PBXGroup section */

/* Begin PBXNativeTarget section */
		8E7FB7212B9C872E00F05045 /* Line */ = {
			isa = PBXNativeTarget;
			buildConfigurationList = 8E7FB7462B9C873200F05045 /* Build configuration list for PBXNativeTarget "Line" */;
			buildPhases = (
				8E7FB71E2B9C872E00F05045 /* Sources */,
				8E7FB71F2B9C872E00F05045 /* Frameworks */,
				8E7FB7202B9C872E00F05045 /* Resources */,
			);
			buildRules = (
			);
			dependencies = (
			);
			name = Line;
			packageProductDependencies = (
				8E7FB7532B9C8AAA00F05045 /* FirebaseAuth */,
				8E7FB75D2B9C8D1100F05045 /* GoogleSignIn */,
				8E7FB7602B9C8DFF00F05045 /* FirebaseDatabase */,
				8E7FB7622B9C909E00F05045 /* FirebaseStorage */,
				8E7FB7642B9C909E00F05045 /* FirebaseStorageCombine-Community */,
				8E7FB7672B9C925600F05045 /* FirebaseMessaging */,
			);
			productName = Line;
			productReference = 8E7FB7222B9C872E00F05045 /* Line.app */;
			productType = "com.apple.product-type.application";
		};
		8E7FB7312B9C873100F05045 /* LineTests */ = {
			isa = PBXNativeTarget;
			buildConfigurationList = 8E7FB7492B9C873200F05045 /* Build configuration list for PBXNativeTarget "LineTests" */;
			buildPhases = (
				8E7FB72E2B9C873100F05045 /* Sources */,
				8E7FB72F2B9C873100F05045 /* Frameworks */,
				8E7FB7302B9C873100F05045 /* Resources */,
			);
			buildRules = (
			);
			dependencies = (
				8E7FB7342B9C873100F05045 /* PBXTargetDependency */,
			);
			name = LineTests;
			productName = LineTests;
			productReference = 8E7FB7322B9C873100F05045 /* LineTests.xctest */;
			productType = "com.apple.product-type.bundle.unit-test";
		};
		8E7FB73B2B9C873100F05045 /* LineUITests */ = {
			isa = PBXNativeTarget;
			buildConfigurationList = 8E7FB74C2B9C873200F05045 /* Build configuration list for PBXNativeTarget "LineUITests" */;
			buildPhases = (
				8E7FB7382B9C873100F05045 /* Sources */,
				8E7FB7392B9C873100F05045 /* Frameworks */,
				8E7FB73A2B9C873100F05045 /* Resources */,
			);
			buildRules = (
			);
			dependencies = (
				8E7FB73E2B9C873100F05045 /* PBXTargetDependency */,
			);
			name = LineUITests;
			productName = LineUITests;
			productReference = 8E7FB73C2B9C873100F05045 /* LineUITests.xctest */;
			productType = "com.apple.product-type.bundle.ui-testing";
		};
/* End PBXNativeTarget section */

/* Begin PBXProject section */
		8E7FB71A2B9C872E00F05045 /* Project object */ = {
			isa = PBXProject;
			attributes = {
				BuildIndependentTargetsInParallel = 1;
				LastSwiftUpdateCheck = 1530;
				LastUpgradeCheck = 1530;
				TargetAttributes = {
					8E7FB7212B9C872E00F05045 = {
						CreatedOnToolsVersion = 15.3;
					};
					8E7FB7312B9C873100F05045 = {
						CreatedOnToolsVersion = 15.3;
						TestTargetID = 8E7FB7212B9C872E00F05045;
					};
					8E7FB73B2B9C873100F05045 = {
						CreatedOnToolsVersion = 15.3;
						TestTargetID = 8E7FB7212B9C872E00F05045;
					};
				};
			};
			buildConfigurationList = 8E7FB71D2B9C872E00F05045 /* Build configuration list for PBXProject "Line" */;
			compatibilityVersion = "Xcode 14.0";
			developmentRegion = en;
			hasScannedForEncodings = 0;
			knownRegions = (
				en,
				Base,
			);
			mainGroup = 8E7FB7192B9C872E00F05045;
			packageReferences = (
				8E7FB7522B9C8AAA00F05045 /* XCRemoteSwiftPackageReference "firebase-ios-sdk" */,
				8E7FB75C2B9C8D1100F05045 /* XCRemoteSwiftPackageReference "GoogleSignIn-iOS" */,
			);
			productRefGroup = 8E7FB7232B9C872E00F05045 /* Products */;
			projectDirPath = "";
			projectRoot = "";
			targets = (
				8E7FB7212B9C872E00F05045 /* Line */,
				8E7FB7312B9C873100F05045 /* LineTests */,
				8E7FB73B2B9C873100F05045 /* LineUITests */,
			);
		};
/* End PBXProject section */

/* Begin PBXResourcesBuildPhase section */
		8E7FB7202B9C872E00F05045 /* Resources */ = {
			isa = PBXResourcesBuildPhase;
			buildActionMask = 2147483647;
			files = (
				8E7FB72D2B9C873100F05045 /* Preview Assets.xcassets in Resources */,
				8E7FB7592B9C8C2B00F05045 /* GoogleService-Info.plist in Resources */,
				8E7FB72A2B9C873100F05045 /* Assets.xcassets in Resources */,
			);
			runOnlyForDeploymentPostprocessing = 0;
		};
		8E7FB7302B9C873100F05045 /* Resources */ = {
			isa = PBXResourcesBuildPhase;
			buildActionMask = 2147483647;
			files = (
			);
			runOnlyForDeploymentPostprocessing = 0;
		};
		8E7FB73A2B9C873100F05045 /* Resources */ = {
			isa = PBXResourcesBuildPhase;
			buildActionMask = 2147483647;
			files = (
				8E7FB75A2B9C8C2B00F05045 /* GoogleService-Info.plist in Resources */,
			);
			runOnlyForDeploymentPostprocessing = 0;
		};
/* End PBXResourcesBuildPhase section */

/* Begin PBXSourcesBuildPhase section */
		8E7FB71E2B9C872E00F05045 /* Sources */ = {
			isa = PBXSourcesBuildPhase;
			buildActionMask = 2147483647;
			files = (
				8E7FB77D2B9C994800F05045 /* DBError.swift in Sources */,
				8E7FB7C22B9C9C7000F05045 /* DIContainer.swift in Sources */,
				8E7FB7BF2B9C9C6400F05045 /* AppearanceType.swift in Sources */,
				8E7FB81C2B9CD36500F05045 /* SettingView.swift in Sources */,
				8E7FB82B2B9CD48700F05045 /* DiskStorage.swift in Sources */,
				8E7FB7A72B9C9BF800F05045 /* NavigationRoutingView.swift in Sources */,
				8E7FB7B62B9C9C3E00F05045 /* NavigationDestination.swift in Sources */,
				8E7FB7802B9C995200F05045 /* ChatRoomDBRepository.swift in Sources */,
				8E7FB8132B9CD33C00F05045 /* SearchViewModel.swift in Sources */,
				8E7FB8042B9CD2EC00F05045 /* KeyboardToolbar.swift in Sources */,
				8E7FB7952B9C9B3300F05045 /* URLImageView.swift in Sources */,
				8E7FB7F52B9C9DE800F05045 /* OtherProfileMenuType.swift in Sources */,
				8E7FB77A2B9C993700F05045 /* UserDBRepository.swift in Sources */,
				8E7FB7AD2B9C9C1200F05045 /* Phase.swift in Sources */,
				8E7FB78C2B9C99D000F05045 /* ChatRoom.swift in Sources */,
				8E7FB7A42B9C9BE600F05045 /* SearchButton.swift in Sources */,
				8E7FB79E2B9C9BCD00F05045 /* LoadingView.swift in Sources */,
				8E7FB7DA2B9C9D5800F05045 /* HomeView.swift in Sources */,
				8E7FB7742B9C991900F05045 /* ChatRoomObject.swift in Sources */,
				8E7FB8222B9CD38400F05045 /* SettingItem.swift in Sources */,
				8E7FB7CE2B9C9D1F00F05045 /* LoginView.swift in Sources */,
				8E7FB8162B9CD34800F05045 /* SearchBar.swift in Sources */,
				8E7FB7F82B9CD2A200F05045 /* ChatListView.swift in Sources */,
				8E7FB78F2B9C99E100F05045 /* Chat.swift in Sources */,
				8E7FB8282B9CD47A00F05045 /* MemoryStorage.swift in Sources */,
				8E7FB82E2B9CD49700F05045 /* PhotoPickerService.swift in Sources */,
				8E7FB80A2B9CD30E00F05045 /* ChatView.swift in Sources */,
				8E7FB76E2B9C98D600F05045 /* UploadProvider.swift in Sources */,
				8E7FB7BC2B9C9C5B00F05045 /* AppearanceController.swift in Sources */,
				8E7FB7E92B9C9DAC00F05045 /* MyProfileMenuType.swift in Sources */,
				8E7FB7C82B9C9CA200F05045 /* AuthenticationViewModel.swift in Sources */,
				8E7FB81F2B9CD37300F05045 /* SettingViewModel.swift in Sources */,
				8E7FB7D72B9C9D4900F05045 /* MainTabType.swift in Sources */,
				8E7FB7772B9C992A00F05045 /* ChatObject.swift in Sources */,
				8E7FB7B02B9C9C2300F05045 /* ObservableObjectSettable.swift in Sources */,
				8E7FB8252B9CD46A00F05045 /* ImageCacheService.swift in Sources */,
				8E7FB7F22B9C9DDB00F05045 /* OtherProfileViewModel.swift in Sources */,
				8E7FB7E62B9C9D9F00F05045 /* MyProfileViewModel.swift in Sources */,
				8E7FB7D42B9C9D3B00F05045 /* MainTabView.swift in Sources */,
				8E7FB7892B9C99C400F05045 /* User.swift in Sources */,
				8E7FB7E32B9C9D8F00F05045 /* MyProfileView.swift in Sources */,
				8E7FB7FE2B9CD2CE00F05045 /* ChatItemView.swift in Sources */,
				8E7FB7562B9C8B0600F05045 /* AppDelegate.swift in Sources */,
				8E7FB8012B9CD2DF00F05045 /* ChatItemDirection.swift in Sources */,
				8E7FB8102B9CD32F00F05045 /* SearchView.swift in Sources */,
				8E7FB7B92B9C9C4C00F05045 /* SearchDataController.swift in Sources */,
				8E7FB7862B9C99A900F05045 /* DBReference.swift in Sources */,
				8E7FB7832B9C999D00F05045 /* ChatDBRepository.swift in Sources */,
				8E7FB80D2B9CD31D00F05045 /* ChatViewModel.swift in Sources */,
				8E7FB7922B9C99ED00F05045 /* ChatData.swift in Sources */,
				8E7FB7AA2B9C9C0300F05045 /* Constant.swift in Sources */,
				8E7FB8072B9CD2FD00F05045 /* ChatImageItemView.swift in Sources */,
				8E7FB8192B9CD35700F05045 /* RecentSearchView.swift in Sources */,
				8E7FB7EC2B9C9DB900F05045 /* MyProfileDescEditView.swift in Sources */,
				8E7FB76B2B9C96CE00F05045 /* Search.xcdatamodeld in Sources */,
				8E7FB7CB2B9C9D1200F05045 /* LoginIntroView.swift in Sources */,
				8E7FB7982B9C9B5E00F05045 /* URLImageViewModel.swift in Sources */,
				8E7FB7B32B9C9C3000F05045 /* NavigationRouter.swift in Sources */,
				8E7FB7282B9C872E00F05045 /* ContentView.swift in Sources */,
				8E7FB7FB2B9CD2B200F05045 /* ChatListViewModel.swift in Sources */,
				8E7FB7E02B9C9D7E00F05045 /* HomeModalDestination.swift in Sources */,
				8E7FB7262B9C872E00F05045 /* LineApp.swift in Sources */,
				8E7FB79B2B9C9BC200F05045 /* PlaceholderView.swift in Sources */,
				8E7FB7DD2B9C9D6C00F05045 /* HomeViewModel.swift in Sources */,
				8E7FB7712B9C98F600F05045 /* UserObject.swift in Sources */,
				8E7FB7C52B9C9C9100F05045 /* AuthenticatedView.swift in Sources */,
				8E7FB7A12B9C9BD900F05045 /* ErrorView.swift in Sources */,
				8E7FB7D12B9C9D2D00F05045 /* LoginButtonStyle.swift in Sources */,
				8E7FB7EF2B9C9DCD00F05045 /* OtherProfileView.swift in Sources */,
			);
			runOnlyForDeploymentPostprocessing = 0;
		};
		8E7FB72E2B9C873100F05045 /* Sources */ = {
			isa = PBXSourcesBuildPhase;
			buildActionMask = 2147483647;
			files = (
				8E7FB7372B9C873100F05045 /* LineTests.swift in Sources */,
			);
			runOnlyForDeploymentPostprocessing = 0;
		};
		8E7FB7382B9C873100F05045 /* Sources */ = {
			isa = PBXSourcesBuildPhase;
			buildActionMask = 2147483647;
			files = (
				8E7FB77E2B9C994800F05045 /* DBError.swift in Sources */,
				8E7FB7C32B9C9C7000F05045 /* DIContainer.swift in Sources */,
				8E7FB7C02B9C9C6400F05045 /* AppearanceType.swift in Sources */,
				8E7FB81D2B9CD36500F05045 /* SettingView.swift in Sources */,
				8E7FB82C2B9CD48700F05045 /* DiskStorage.swift in Sources */,
				8E7FB7A82B9C9BF800F05045 /* NavigationRoutingView.swift in Sources */,
				8E7FB7B72B9C9C3E00F05045 /* NavigationDestination.swift in Sources */,
				8E7FB7812B9C995200F05045 /* ChatRoomDBRepository.swift in Sources */,
				8E7FB8142B9CD33C00F05045 /* SearchViewModel.swift in Sources */,
				8E7FB8052B9CD2EC00F05045 /* KeyboardToolbar.swift in Sources */,
				8E7FB7962B9C9B3300F05045 /* URLImageView.swift in Sources */,
				8E7FB7F62B9C9DE800F05045 /* OtherProfileMenuType.swift in Sources */,
				8E7FB77B2B9C993700F05045 /* UserDBRepository.swift in Sources */,
				8E7FB7AE2B9C9C1200F05045 /* Phase.swift in Sources */,
				8E7FB78D2B9C99D000F05045 /* ChatRoom.swift in Sources */,
				8E7FB7A52B9C9BE600F05045 /* SearchButton.swift in Sources */,
				8E7FB79F2B9C9BCD00F05045 /* LoadingView.swift in Sources */,
				8E7FB7DB2B9C9D5800F05045 /* HomeView.swift in Sources */,
				8E7FB7752B9C991900F05045 /* ChatRoomObject.swift in Sources */,
				8E7FB8232B9CD38400F05045 /* SettingItem.swift in Sources */,
				8E7FB7CF2B9C9D1F00F05045 /* LoginView.swift in Sources */,
				8E7FB8172B9CD34800F05045 /* SearchBar.swift in Sources */,
				8E7FB7F92B9CD2A200F05045 /* ChatListView.swift in Sources */,
				8E7FB7902B9C99E100F05045 /* Chat.swift in Sources */,
				8E7FB8292B9CD47A00F05045 /* MemoryStorage.swift in Sources */,
				8E7FB82F2B9CD49700F05045 /* PhotoPickerService.swift in Sources */,
				8E7FB80B2B9CD30E00F05045 /* ChatView.swift in Sources */,
				8E7FB76F2B9C98D600F05045 /* UploadProvider.swift in Sources */,
				8E7FB7BD2B9C9C5B00F05045 /* AppearanceController.swift in Sources */,
				8E7FB7EA2B9C9DAC00F05045 /* MyProfileMenuType.swift in Sources */,
				8E7FB7C92B9C9CA200F05045 /* AuthenticationViewModel.swift in Sources */,
				8E7FB8202B9CD37300F05045 /* SettingViewModel.swift in Sources */,
				8E7FB7D82B9C9D4900F05045 /* MainTabType.swift in Sources */,
				8E7FB7782B9C992A00F05045 /* ChatObject.swift in Sources */,
				8E7FB7B12B9C9C2300F05045 /* ObservableObjectSettable.swift in Sources */,
				8E7FB8262B9CD46A00F05045 /* ImageCacheService.swift in Sources */,
				8E7FB7F32B9C9DDB00F05045 /* OtherProfileViewModel.swift in Sources */,
				8E7FB7E72B9C9D9F00F05045 /* MyProfileViewModel.swift in Sources */,
				8E7FB7D52B9C9D3B00F05045 /* MainTabView.swift in Sources */,
				8E7FB78A2B9C99C400F05045 /* User.swift in Sources */,
				8E7FB7E42B9C9D8F00F05045 /* MyProfileView.swift in Sources */,
				8E7FB7FF2B9CD2CE00F05045 /* ChatItemView.swift in Sources */,
				8E7FB7572B9C8B0600F05045 /* AppDelegate.swift in Sources */,
				8E7FB8022B9CD2DF00F05045 /* ChatItemDirection.swift in Sources */,
				8E7FB8112B9CD32F00F05045 /* SearchView.swift in Sources */,
				8E7FB7BA2B9C9C4C00F05045 /* SearchDataController.swift in Sources */,
				8E7FB7872B9C99A900F05045 /* DBReference.swift in Sources */,
				8E7FB7842B9C999D00F05045 /* ChatDBRepository.swift in Sources */,
				8E7FB80E2B9CD31D00F05045 /* ChatViewModel.swift in Sources */,
				8E7FB7932B9C99ED00F05045 /* ChatData.swift in Sources */,
				8E7FB7AB2B9C9C0300F05045 /* Constant.swift in Sources */,
				8E7FB8082B9CD2FD00F05045 /* ChatImageItemView.swift in Sources */,
				8E7FB81A2B9CD35700F05045 /* RecentSearchView.swift in Sources */,
				8E7FB7ED2B9C9DB900F05045 /* MyProfileDescEditView.swift in Sources */,
				8E7FB76C2B9C96CE00F05045 /* Search.xcdatamodeld in Sources */,
				8E7FB7CC2B9C9D1200F05045 /* LoginIntroView.swift in Sources */,
				8E7FB7992B9C9B5E00F05045 /* URLImageViewModel.swift in Sources */,
				8E7FB7B42B9C9C3000F05045 /* NavigationRouter.swift in Sources */,
				8E7FB7432B9C873200F05045 /* LineUITestsLaunchTests.swift in Sources */,
				8E7FB7FC2B9CD2B200F05045 /* ChatListViewModel.swift in Sources */,
				8E7FB7E12B9C9D7E00F05045 /* HomeModalDestination.swift in Sources */,
				8E7FB7412B9C873200F05045 /* LineUITests.swift in Sources */,
				8E7FB79C2B9C9BC200F05045 /* PlaceholderView.swift in Sources */,
				8E7FB7DE2B9C9D6C00F05045 /* HomeViewModel.swift in Sources */,
				8E7FB7722B9C98F600F05045 /* UserObject.swift in Sources */,
				8E7FB7C62B9C9C9100F05045 /* AuthenticatedView.swift in Sources */,
				8E7FB7A22B9C9BD900F05045 /* ErrorView.swift in Sources */,
				8E7FB7D22B9C9D2D00F05045 /* LoginButtonStyle.swift in Sources */,
				8E7FB7F02B9C9DCD00F05045 /* OtherProfileView.swift in Sources */,
			);
			runOnlyForDeploymentPostprocessing = 0;
		};
/* End PBXSourcesBuildPhase section */

/* Begin PBXTargetDependency section */
		8E7FB7342B9C873100F05045 /* PBXTargetDependency */ = {
			isa = PBXTargetDependency;
			target = 8E7FB7212B9C872E00F05045 /* Line */;
			targetProxy = 8E7FB7332B9C873100F05045 /* PBXContainerItemProxy */;
		};
		8E7FB73E2B9C873100F05045 /* PBXTargetDependency */ = {
			isa = PBXTargetDependency;
			target = 8E7FB7212B9C872E00F05045 /* Line */;
			targetProxy = 8E7FB73D2B9C873100F05045 /* PBXContainerItemProxy */;
		};
/* End PBXTargetDependency section */

/* Begin XCBuildConfiguration section */
		8E7FB7442B9C873200F05045 /* Debug */ = {
			isa = XCBuildConfiguration;
			buildSettings = {
				ALWAYS_SEARCH_USER_PATHS = NO;
				ASSETCATALOG_COMPILER_GENERATE_SWIFT_ASSET_SYMBOL_EXTENSIONS = YES;
				CLANG_ANALYZER_NONNULL = YES;
				CLANG_ANALYZER_NUMBER_OBJECT_CONVERSION = YES_AGGRESSIVE;
				CLANG_CXX_LANGUAGE_STANDARD = "gnu++20";
				CLANG_ENABLE_MODULES = YES;
				CLANG_ENABLE_OBJC_ARC = YES;
				CLANG_ENABLE_OBJC_WEAK = YES;
				CLANG_WARN_BLOCK_CAPTURE_AUTORELEASING = YES;
				CLANG_WARN_BOOL_CONVERSION = YES;
				CLANG_WARN_COMMA = YES;
				CLANG_WARN_CONSTANT_CONVERSION = YES;
				CLANG_WARN_DEPRECATED_OBJC_IMPLEMENTATIONS = YES;
				CLANG_WARN_DIRECT_OBJC_ISA_USAGE = YES_ERROR;
				CLANG_WARN_DOCUMENTATION_COMMENTS = YES;
				CLANG_WARN_EMPTY_BODY = YES;
				CLANG_WARN_ENUM_CONVERSION = YES;
				CLANG_WARN_INFINITE_RECURSION = YES;
				CLANG_WARN_INT_CONVERSION = YES;
				CLANG_WARN_NON_LITERAL_NULL_CONVERSION = YES;
				CLANG_WARN_OBJC_IMPLICIT_RETAIN_SELF = YES;
				CLANG_WARN_OBJC_LITERAL_CONVERSION = YES;
				CLANG_WARN_OBJC_ROOT_CLASS = YES_ERROR;
				CLANG_WARN_QUOTED_INCLUDE_IN_FRAMEWORK_HEADER = YES;
				CLANG_WARN_RANGE_LOOP_ANALYSIS = YES;
				CLANG_WARN_STRICT_PROTOTYPES = YES;
				CLANG_WARN_SUSPICIOUS_MOVE = YES;
				CLANG_WARN_UNGUARDED_AVAILABILITY = YES_AGGRESSIVE;
				CLANG_WARN_UNREACHABLE_CODE = YES;
				CLANG_WARN__DUPLICATE_METHOD_MATCH = YES;
				COPY_PHASE_STRIP = NO;
				DEBUG_INFORMATION_FORMAT = dwarf;
				ENABLE_STRICT_OBJC_MSGSEND = YES;
				ENABLE_TESTABILITY = YES;
				ENABLE_USER_SCRIPT_SANDBOXING = YES;
				GCC_C_LANGUAGE_STANDARD = gnu17;
				GCC_DYNAMIC_NO_PIC = NO;
				GCC_NO_COMMON_BLOCKS = YES;
				GCC_OPTIMIZATION_LEVEL = 0;
				GCC_PREPROCESSOR_DEFINITIONS = (
					"DEBUG=1",
					"$(inherited)",
				);
				GCC_WARN_64_TO_32_BIT_CONVERSION = YES;
				GCC_WARN_ABOUT_RETURN_TYPE = YES_ERROR;
				GCC_WARN_UNDECLARED_SELECTOR = YES;
				GCC_WARN_UNINITIALIZED_AUTOS = YES_AGGRESSIVE;
				GCC_WARN_UNUSED_FUNCTION = YES;
				GCC_WARN_UNUSED_VARIABLE = YES;
				IPHONEOS_DEPLOYMENT_TARGET = 17.4;
				LOCALIZATION_PREFERS_STRING_CATALOGS = YES;
				MTL_ENABLE_DEBUG_INFO = INCLUDE_SOURCE;
				MTL_FAST_MATH = YES;
				ONLY_ACTIVE_ARCH = YES;
				SDKROOT = iphoneos;
				SWIFT_ACTIVE_COMPILATION_CONDITIONS = "DEBUG $(inherited)";
				SWIFT_OPTIMIZATION_LEVEL = "-Onone";
			};
			name = Debug;
		};
		8E7FB7452B9C873200F05045 /* Release */ = {
			isa = XCBuildConfiguration;
			buildSettings = {
				ALWAYS_SEARCH_USER_PATHS = NO;
				ASSETCATALOG_COMPILER_GENERATE_SWIFT_ASSET_SYMBOL_EXTENSIONS = YES;
				CLANG_ANALYZER_NONNULL = YES;
				CLANG_ANALYZER_NUMBER_OBJECT_CONVERSION = YES_AGGRESSIVE;
				CLANG_CXX_LANGUAGE_STANDARD = "gnu++20";
				CLANG_ENABLE_MODULES = YES;
				CLANG_ENABLE_OBJC_ARC = YES;
				CLANG_ENABLE_OBJC_WEAK = YES;
				CLANG_WARN_BLOCK_CAPTURE_AUTORELEASING = YES;
				CLANG_WARN_BOOL_CONVERSION = YES;
				CLANG_WARN_COMMA = YES;
				CLANG_WARN_CONSTANT_CONVERSION = YES;
				CLANG_WARN_DEPRECATED_OBJC_IMPLEMENTATIONS = YES;
				CLANG_WARN_DIRECT_OBJC_ISA_USAGE = YES_ERROR;
				CLANG_WARN_DOCUMENTATION_COMMENTS = YES;
				CLANG_WARN_EMPTY_BODY = YES;
				CLANG_WARN_ENUM_CONVERSION = YES;
				CLANG_WARN_INFINITE_RECURSION = YES;
				CLANG_WARN_INT_CONVERSION = YES;
				CLANG_WARN_NON_LITERAL_NULL_CONVERSION = YES;
				CLANG_WARN_OBJC_IMPLICIT_RETAIN_SELF = YES;
				CLANG_WARN_OBJC_LITERAL_CONVERSION = YES;
				CLANG_WARN_OBJC_ROOT_CLASS = YES_ERROR;
				CLANG_WARN_QUOTED_INCLUDE_IN_FRAMEWORK_HEADER = YES;
				CLANG_WARN_RANGE_LOOP_ANALYSIS = YES;
				CLANG_WARN_STRICT_PROTOTYPES = YES;
				CLANG_WARN_SUSPICIOUS_MOVE = YES;
				CLANG_WARN_UNGUARDED_AVAILABILITY = YES_AGGRESSIVE;
				CLANG_WARN_UNREACHABLE_CODE = YES;
				CLANG_WARN__DUPLICATE_METHOD_MATCH = YES;
				COPY_PHASE_STRIP = NO;
				DEBUG_INFORMATION_FORMAT = "dwarf-with-dsym";
				ENABLE_NS_ASSERTIONS = NO;
				ENABLE_STRICT_OBJC_MSGSEND = YES;
				ENABLE_USER_SCRIPT_SANDBOXING = YES;
				GCC_C_LANGUAGE_STANDARD = gnu17;
				GCC_NO_COMMON_BLOCKS = YES;
				GCC_WARN_64_TO_32_BIT_CONVERSION = YES;
				GCC_WARN_ABOUT_RETURN_TYPE = YES_ERROR;
				GCC_WARN_UNDECLARED_SELECTOR = YES;
				GCC_WARN_UNINITIALIZED_AUTOS = YES_AGGRESSIVE;
				GCC_WARN_UNUSED_FUNCTION = YES;
				GCC_WARN_UNUSED_VARIABLE = YES;
				IPHONEOS_DEPLOYMENT_TARGET = 17.4;
				LOCALIZATION_PREFERS_STRING_CATALOGS = YES;
				MTL_ENABLE_DEBUG_INFO = NO;
				MTL_FAST_MATH = YES;
				SDKROOT = iphoneos;
				SWIFT_COMPILATION_MODE = wholemodule;
				VALIDATE_PRODUCT = YES;
			};
			name = Release;
		};
		8E7FB7472B9C873200F05045 /* Debug */ = {
			isa = XCBuildConfiguration;
			buildSettings = {
				ASSETCATALOG_COMPILER_APPICON_NAME = AppIcon;
				ASSETCATALOG_COMPILER_GLOBAL_ACCENT_COLOR_NAME = AccentColor;
				CODE_SIGN_ENTITLEMENTS = Line/Line.entitlements;
				CODE_SIGN_STYLE = Automatic;
				CURRENT_PROJECT_VERSION = 1;
				DEVELOPMENT_ASSET_PATHS = "\"Line/Preview Content\"";
				DEVELOPMENT_TEAM = 9GGZWXBXQ6;
				ENABLE_PREVIEWS = YES;
				GENERATE_INFOPLIST_FILE = YES;
				INFOPLIST_FILE = Line/Info.plist;
				INFOPLIST_KEY_UIApplicationSceneManifest_Generation = YES;
				INFOPLIST_KEY_UIApplicationSupportsIndirectInputEvents = YES;
				INFOPLIST_KEY_UILaunchScreen_Generation = YES;
				INFOPLIST_KEY_UISupportedInterfaceOrientations_iPad = "UIInterfaceOrientationPortrait UIInterfaceOrientationPortraitUpsideDown UIInterfaceOrientationLandscapeLeft UIInterfaceOrientationLandscapeRight";
				INFOPLIST_KEY_UISupportedInterfaceOrientations_iPhone = "UIInterfaceOrientationPortrait UIInterfaceOrientationLandscapeLeft UIInterfaceOrientationLandscapeRight";
				LD_RUNPATH_SEARCH_PATHS = (
					"$(inherited)",
					"@executable_path/Frameworks",
				);
				MARKETING_VERSION = 1.0;
				PRODUCT_BUNDLE_IDENTIFIER = YangCustom.Line;
				PRODUCT_NAME = "$(TARGET_NAME)";
				SWIFT_EMIT_LOC_STRINGS = YES;
				SWIFT_VERSION = 5.0;
				TARGETED_DEVICE_FAMILY = "1,2";
			};
			name = Debug;
		};
		8E7FB7482B9C873200F05045 /* Release */ = {
			isa = XCBuildConfiguration;
			buildSettings = {
				ASSETCATALOG_COMPILER_APPICON_NAME = AppIcon;
				ASSETCATALOG_COMPILER_GLOBAL_ACCENT_COLOR_NAME = AccentColor;
				CODE_SIGN_ENTITLEMENTS = Line/Line.entitlements;
				CODE_SIGN_STYLE = Automatic;
				CURRENT_PROJECT_VERSION = 1;
				DEVELOPMENT_ASSET_PATHS = "\"Line/Preview Content\"";
				DEVELOPMENT_TEAM = 9GGZWXBXQ6;
				ENABLE_PREVIEWS = YES;
				GENERATE_INFOPLIST_FILE = YES;
				INFOPLIST_FILE = Line/Info.plist;
				INFOPLIST_KEY_UIApplicationSceneManifest_Generation = YES;
				INFOPLIST_KEY_UIApplicationSupportsIndirectInputEvents = YES;
				INFOPLIST_KEY_UILaunchScreen_Generation = YES;
				INFOPLIST_KEY_UISupportedInterfaceOrientations_iPad = "UIInterfaceOrientationPortrait UIInterfaceOrientationPortraitUpsideDown UIInterfaceOrientationLandscapeLeft UIInterfaceOrientationLandscapeRight";
				INFOPLIST_KEY_UISupportedInterfaceOrientations_iPhone = "UIInterfaceOrientationPortrait UIInterfaceOrientationLandscapeLeft UIInterfaceOrientationLandscapeRight";
				LD_RUNPATH_SEARCH_PATHS = (
					"$(inherited)",
					"@executable_path/Frameworks",
				);
				MARKETING_VERSION = 1.0;
				PRODUCT_BUNDLE_IDENTIFIER = YangCustom.Line;
				PRODUCT_NAME = "$(TARGET_NAME)";
				SWIFT_EMIT_LOC_STRINGS = YES;
				SWIFT_VERSION = 5.0;
				TARGETED_DEVICE_FAMILY = "1,2";
			};
			name = Release;
		};
		8E7FB74A2B9C873200F05045 /* Debug */ = {
			isa = XCBuildConfiguration;
			buildSettings = {
				ALWAYS_EMBED_SWIFT_STANDARD_LIBRARIES = YES;
				BUNDLE_LOADER = "$(TEST_HOST)";
				CODE_SIGN_STYLE = Automatic;
				CURRENT_PROJECT_VERSION = 1;
				DEVELOPMENT_TEAM = 9GGZWXBXQ6;
				GENERATE_INFOPLIST_FILE = YES;
				IPHONEOS_DEPLOYMENT_TARGET = 17.4;
				MARKETING_VERSION = 1.0;
				PRODUCT_BUNDLE_IDENTIFIER = YangCustom.LineTests;
				PRODUCT_NAME = "$(TARGET_NAME)";
				SWIFT_EMIT_LOC_STRINGS = NO;
				SWIFT_VERSION = 5.0;
				TARGETED_DEVICE_FAMILY = "1,2";
				TEST_HOST = "$(BUILT_PRODUCTS_DIR)/Line.app/$(BUNDLE_EXECUTABLE_FOLDER_PATH)/Line";
			};
			name = Debug;
		};
		8E7FB74B2B9C873200F05045 /* Release */ = {
			isa = XCBuildConfiguration;
			buildSettings = {
				ALWAYS_EMBED_SWIFT_STANDARD_LIBRARIES = YES;
				BUNDLE_LOADER = "$(TEST_HOST)";
				CODE_SIGN_STYLE = Automatic;
				CURRENT_PROJECT_VERSION = 1;
				DEVELOPMENT_TEAM = 9GGZWXBXQ6;
				GENERATE_INFOPLIST_FILE = YES;
				IPHONEOS_DEPLOYMENT_TARGET = 17.4;
				MARKETING_VERSION = 1.0;
				PRODUCT_BUNDLE_IDENTIFIER = YangCustom.LineTests;
				PRODUCT_NAME = "$(TARGET_NAME)";
				SWIFT_EMIT_LOC_STRINGS = NO;
				SWIFT_VERSION = 5.0;
				TARGETED_DEVICE_FAMILY = "1,2";
				TEST_HOST = "$(BUILT_PRODUCTS_DIR)/Line.app/$(BUNDLE_EXECUTABLE_FOLDER_PATH)/Line";
			};
			name = Release;
		};
		8E7FB74D2B9C873200F05045 /* Debug */ = {
			isa = XCBuildConfiguration;
			buildSettings = {
				ALWAYS_EMBED_SWIFT_STANDARD_LIBRARIES = YES;
				CODE_SIGN_STYLE = Automatic;
				CURRENT_PROJECT_VERSION = 1;
				DEVELOPMENT_TEAM = 9GGZWXBXQ6;
				GENERATE_INFOPLIST_FILE = YES;
				MARKETING_VERSION = 1.0;
				PRODUCT_BUNDLE_IDENTIFIER = YangCustom.LineUITests;
				PRODUCT_NAME = "$(TARGET_NAME)";
				SWIFT_EMIT_LOC_STRINGS = NO;
				SWIFT_VERSION = 5.0;
				TARGETED_DEVICE_FAMILY = "1,2";
				TEST_TARGET_NAME = Line;
			};
			name = Debug;
		};
		8E7FB74E2B9C873200F05045 /* Release */ = {
			isa = XCBuildConfiguration;
			buildSettings = {
				ALWAYS_EMBED_SWIFT_STANDARD_LIBRARIES = YES;
				CODE_SIGN_STYLE = Automatic;
				CURRENT_PROJECT_VERSION = 1;
				DEVELOPMENT_TEAM = 9GGZWXBXQ6;
				GENERATE_INFOPLIST_FILE = YES;
				MARKETING_VERSION = 1.0;
				PRODUCT_BUNDLE_IDENTIFIER = YangCustom.LineUITests;
				PRODUCT_NAME = "$(TARGET_NAME)";
				SWIFT_EMIT_LOC_STRINGS = NO;
				SWIFT_VERSION = 5.0;
				TARGETED_DEVICE_FAMILY = "1,2";
				TEST_TARGET_NAME = Line;
			};
			name = Release;
		};
/* End XCBuildConfiguration section */

/* Begin XCConfigurationList section */
		8E7FB71D2B9C872E00F05045 /* Build configuration list for PBXProject "Line" */ = {
			isa = XCConfigurationList;
			buildConfigurations = (
				8E7FB7442B9C873200F05045 /* Debug */,
				8E7FB7452B9C873200F05045 /* Release */,
			);
			defaultConfigurationIsVisible = 0;
			defaultConfigurationName = Release;
		};
		8E7FB7462B9C873200F05045 /* Build configuration list for PBXNativeTarget "Line" */ = {
			isa = XCConfigurationList;
			buildConfigurations = (
				8E7FB7472B9C873200F05045 /* Debug */,
				8E7FB7482B9C873200F05045 /* Release */,
			);
			defaultConfigurationIsVisible = 0;
			defaultConfigurationName = Release;
		};
		8E7FB7492B9C873200F05045 /* Build configuration list for PBXNativeTarget "LineTests" */ = {
			isa = XCConfigurationList;
			buildConfigurations = (
				8E7FB74A2B9C873200F05045 /* Debug */,
				8E7FB74B2B9C873200F05045 /* Release */,
			);
			defaultConfigurationIsVisible = 0;
			defaultConfigurationName = Release;
		};
		8E7FB74C2B9C873200F05045 /* Build configuration list for PBXNativeTarget "LineUITests" */ = {
			isa = XCConfigurationList;
			buildConfigurations = (
				8E7FB74D2B9C873200F05045 /* Debug */,
				8E7FB74E2B9C873200F05045 /* Release */,
			);
			defaultConfigurationIsVisible = 0;
			defaultConfigurationName = Release;
		};
/* End XCConfigurationList section */

/* Begin XCRemoteSwiftPackageReference section */
		8E7FB7522B9C8AAA00F05045 /* XCRemoteSwiftPackageReference "firebase-ios-sdk" */ = {
			isa = XCRemoteSwiftPackageReference;
			repositoryURL = "https://github.com/firebase/firebase-ios-sdk";
			requirement = {
				kind = upToNextMajorVersion;
				minimumVersion = 10.22.1;
			};
		};
		8E7FB75C2B9C8D1100F05045 /* XCRemoteSwiftPackageReference "GoogleSignIn-iOS" */ = {
			isa = XCRemoteSwiftPackageReference;
			repositoryURL = "https://github.com/google/GoogleSignIn-iOS";
			requirement = {
				kind = upToNextMajorVersion;
				minimumVersion = 7.0.0;
			};
		};
/* End XCRemoteSwiftPackageReference section */

/* Begin XCSwiftPackageProductDependency section */
		8E7FB7532B9C8AAA00F05045 /* FirebaseAuth */ = {
			isa = XCSwiftPackageProductDependency;
			package = 8E7FB7522B9C8AAA00F05045 /* XCRemoteSwiftPackageReference "firebase-ios-sdk" */;
			productName = FirebaseAuth;
		};
		8E7FB75D2B9C8D1100F05045 /* GoogleSignIn */ = {
			isa = XCSwiftPackageProductDependency;
			package = 8E7FB75C2B9C8D1100F05045 /* XCRemoteSwiftPackageReference "GoogleSignIn-iOS" */;
			productName = GoogleSignIn;
		};
		8E7FB7602B9C8DFF00F05045 /* FirebaseDatabase */ = {
			isa = XCSwiftPackageProductDependency;
			package = 8E7FB7522B9C8AAA00F05045 /* XCRemoteSwiftPackageReference "firebase-ios-sdk" */;
			productName = FirebaseDatabase;
		};
		8E7FB7622B9C909E00F05045 /* FirebaseStorage */ = {
			isa = XCSwiftPackageProductDependency;
			package = 8E7FB7522B9C8AAA00F05045 /* XCRemoteSwiftPackageReference "firebase-ios-sdk" */;
			productName = FirebaseStorage;
		};
		8E7FB7642B9C909E00F05045 /* FirebaseStorageCombine-Community */ = {
			isa = XCSwiftPackageProductDependency;
			package = 8E7FB7522B9C8AAA00F05045 /* XCRemoteSwiftPackageReference "firebase-ios-sdk" */;
			productName = "FirebaseStorageCombine-Community";
		};
		8E7FB7672B9C925600F05045 /* FirebaseMessaging */ = {
			isa = XCSwiftPackageProductDependency;
			package = 8E7FB7522B9C8AAA00F05045 /* XCRemoteSwiftPackageReference "firebase-ios-sdk" */;
			productName = FirebaseMessaging;
		};
/* End XCSwiftPackageProductDependency section */

/* Begin XCVersionGroup section */
		8E7FB7692B9C96CE00F05045 /* Search.xcdatamodeld */ = {
			isa = XCVersionGroup;
			children = (
				8E7FB76A2B9C96CE00F05045 /* Search.xcdatamodel */,
			);
			currentVersion = 8E7FB76A2B9C96CE00F05045 /* Search.xcdatamodel */;
			name = Search.xcdatamodeld;
			path = /Users/yangsigwan/Downloads/Line/Line/Line/Search.xcdatamodeld;
			sourceTree = "<group>";
			versionGroupType = wrapper.xcdatamodel;
		};
/* End XCVersionGroup section */
	};
	rootObject = 8E7FB71A2B9C872E00F05045 /* Project object */;
}
